<?xml version="1.0" encoding="utf-8"?>
<Project ToolsVersion="4.0" xmlns="http://schemas.microsoft.com/developer/msbuild/2003">
  <ItemGroup>
    <Filter Include="Generated">
      <UniqueIdentifier>{1936446a-b82a-470e-801c-3ff5d073d73e}</UniqueIdentifier>
    </Filter>
  </ItemGroup>
  <ItemGroup>
    <ClCompile Include="test\Generated\TestCheckerFSM.c">
      <Filter>Generated</Filter>
    </ClCompile>
    <ClCompile Include="test\Generated\TestCheckerFSM.cpp">
      <Filter>Generated</Filter>
    </ClCompile>
    <ClCompile Include="test\Generated\TestFSM.c">
      <Filter>Generated</Filter>
    </ClCompile>
    <ClCompile Include="test\Generated\TestFSM.cpp">
      <Filter>Generated</Filter>
    </ClCompile>
    <ClCompile Include="test\Main.cpp" />
    <ClCompile Include="test\TestCheckerFSM_.c" />
    <ClCompile Include="test\TestCheckerFSM_CImpl.c" />
    <ClCompile Include="test\TestFiniteStateMachine.cpp" />
    <ClCompile Include="test\TestFSM_.c" />
    <ClCompile Include="test\TestFSM_CImpl.c" />
  </ItemGroup>
  <ItemGroup>
    <ClInclude Include="test\Generated\TestCheckerFSM.h">
      <Filter>Generated</Filter>
    </ClInclude>
    <ClInclude Include="test\Generated\TestCheckerFSM.hpp">
      <Filter>Generated</Filter>
    </ClInclude>
    <ClInclude Include="test\Generated\TestFSM.h">
      <Filter>Generated</Filter>
    </ClInclude>
    <ClInclude Include="test\Generated\TestFSM.hpp">
      <Filter>Generated</Filter>
    </ClInclude>
  </ItemGroup>
  <ItemGroup>
    <None Include="test\TestCheckerFSM.fsm" />
    <None Include="test\TestFSM.fsm" />
  </ItemGroup>
</Project>