
Microsoft Visual Studio Solution File, Format Version 12.00
# Visual Studio 2013
VisualStudioVersion = 12.0.21005.1
MinimumVisualStudioVersion = 10.0.40219.1
Project("{2150E333-8FDC-42A3-9474-1A3956D46DE8}") = "external", "external", "{81D99702-3203-4200-8F07-A04795AC1B45}"
EndProject
Project("{8BC9CEB8-8B4A-11D0-8D11-00A0C91BC942}") = "gmock", "external\gmock\msvc\2013\gmock.vcxproj", "{E53A840F-3EF4-44E5-B796-4711B709FAE8}"
EndProject
Project("{2150E333-8FDC-42A3-9474-1A3956D46DE8}") = "infra", "infra", "{A597B868-E677-4341-8479-120897243DCD}"
EndProject
Project("{2150E333-8FDC-42A3-9474-1A3956D46DE8}") = "services", "services", "{FB89E883-5E72-40F6-8646-7A65656FAF0B}"
EndProject
Project("{8BC9CEB8-8B4A-11D0-8D11-00A0C91BC942}") = "dataModel", "services\DataModel\DataModel.vcxproj", "{E0A3DAE3-401C-4AAA-8E1A-ECE5C0AAF712}"
EndProject
Project("{8BC9CEB8-8B4A-11D0-8D11-00A0C91BC942}") = "dataModel_test", "services\DataModel\DataModel_test.vcxproj", "{D42E5F50-C485-4E9E-8801-A724C686C7D1}"
EndProject
Project("{2150E333-8FDC-42A3-9474-1A3956D46DE8}") = "hal", "hal", "{91E95175-1D1D-4002-A1E0-E1C6E3D916E6}"
EndProject
Project("{8BC9CEB8-8B4A-11D0-8D11-00A0C91BC942}") = "interfaces", "hal\interfaces\interfaces.vcxproj", "{3429DE0F-24FC-4D2C-9249-B4F803928609}"
EndProject
Project("{8BC9CEB8-8B4A-11D0-8D11-00A0C91BC942}") = "util", "services\util\util.vcxproj", "{CE75A4BE-D5AD-4211-9F76-88FEB6C2A132}"
EndProject
Project("{8BC9CEB8-8B4A-11D0-8D11-00A0C91BC942}") = "util_test", "services\util\util_test.vcxproj", "{1CC881A4-292B-42E5-980A-00FDE6B6EDDD}"
EndProject
Project("{8BC9CEB8-8B4A-11D0-8D11-00A0C91BC942}") = "util", "infra\util\util.vcxproj", "{1C860AC0-083C-47CE-B70E-A1913937EF2B}"
EndProject
Project("{8BC9CEB8-8B4A-11D0-8D11-00A0C91BC942}") = "util_test", "infra\util\util_test.vcxproj", "{98C1629C-CB94-4039-BAB1-324F19E2BFD0}"
EndProject
Project("{8BC9CEB8-8B4A-11D0-8D11-00A0C91BC942}") = "interfaces_test", "hal\interfaces\interfaces_test.vcxproj", "{CF1B5429-5B2E-42C9-A620-D86A3FF342C6}"
	ProjectSection(ProjectDependencies) = postProject
		{7CC06A04-6210-4632-A760-4EBAAB3474D4} = {7CC06A04-6210-4632-A760-4EBAAB3474D4}
		{E53A840F-3EF4-44E5-B796-4711B709FAE8} = {E53A840F-3EF4-44E5-B796-4711B709FAE8}
		{3429DE0F-24FC-4D2C-9249-B4F803928609} = {3429DE0F-24FC-4D2C-9249-B4F803928609}
	EndProjectSection
EndProject
Project("{8BC9CEB8-8B4A-11D0-8D11-00A0C91BC942}") = "util_test_helper", "infra\util\util_test_helper.vcxproj", "{19F876A6-F419-4DFC-A88F-BF80ED9DF16C}"
EndProject
Project("{8BC9CEB8-8B4A-11D0-8D11-00A0C91BC942}") = "interfaces_test_helper", "hal\interfaces\interfaces_test_helper.vcxproj", "{7CC06A04-6210-4632-A760-4EBAAB3474D4}"
EndProject
Global
	GlobalSection(SolutionConfigurationPlatforms) = preSolution
		Debug|Any CPU = Debug|Any CPU
		Debug|Mixed Platforms = Debug|Mixed Platforms
		Debug|Win32 = Debug|Win32
		Release|Any CPU = Release|Any CPU
		Release|Mixed Platforms = Release|Mixed Platforms
		Release|Win32 = Release|Win32
	EndGlobalSection
	GlobalSection(ProjectConfigurationPlatforms) = postSolution
		{E53A840F-3EF4-44E5-B796-4711B709FAE8}.Debug|Any CPU.ActiveCfg = Debug|Win32
		{E53A840F-3EF4-44E5-B796-4711B709FAE8}.Debug|Mixed Platforms.ActiveCfg = Debug|Win32
		{E53A840F-3EF4-44E5-B796-4711B709FAE8}.Debug|Mixed Platforms.Build.0 = Debug|Win32
		{E53A840F-3EF4-44E5-B796-4711B709FAE8}.Debug|Win32.ActiveCfg = Debug|Win32
		{E53A840F-3EF4-44E5-B796-4711B709FAE8}.Debug|Win32.Build.0 = Debug|Win32
		{E53A840F-3EF4-44E5-B796-4711B709FAE8}.Release|Any CPU.ActiveCfg = Release|Win32
		{E53A840F-3EF4-44E5-B796-4711B709FAE8}.Release|Mixed Platforms.ActiveCfg = Release|Win32
		{E53A840F-3EF4-44E5-B796-4711B709FAE8}.Release|Mixed Platforms.Build.0 = Release|Win32
		{E53A840F-3EF4-44E5-B796-4711B709FAE8}.Release|Win32.ActiveCfg = Release|Win32
		{E53A840F-3EF4-44E5-B796-4711B709FAE8}.Release|Win32.Build.0 = Release|Win32
		{E0A3DAE3-401C-4AAA-8E1A-ECE5C0AAF712}.Debug|Any CPU.ActiveCfg = Debug|Win32
		{E0A3DAE3-401C-4AAA-8E1A-ECE5C0AAF712}.Debug|Mixed Platforms.ActiveCfg = Debug|Win32
		{E0A3DAE3-401C-4AAA-8E1A-ECE5C0AAF712}.Debug|Mixed Platforms.Build.0 = Debug|Win32
		{E0A3DAE3-401C-4AAA-8E1A-ECE5C0AAF712}.Debug|Win32.ActiveCfg = Debug|Win32
		{E0A3DAE3-401C-4AAA-8E1A-ECE5C0AAF712}.Debug|Win32.Build.0 = Debug|Win32
		{E0A3DAE3-401C-4AAA-8E1A-ECE5C0AAF712}.Release|Any CPU.ActiveCfg = Release|Win32
		{E0A3DAE3-401C-4AAA-8E1A-ECE5C0AAF712}.Release|Mixed Platforms.ActiveCfg = Release|Win32
		{E0A3DAE3-401C-4AAA-8E1A-ECE5C0AAF712}.Release|Mixed Platforms.Build.0 = Release|Win32
		{E0A3DAE3-401C-4AAA-8E1A-ECE5C0AAF712}.Release|Win32.ActiveCfg = Release|Win32
		{E0A3DAE3-401C-4AAA-8E1A-ECE5C0AAF712}.Release|Win32.Build.0 = Release|Win32
		{D42E5F50-C485-4E9E-8801-A724C686C7D1}.Debug|Any CPU.ActiveCfg = Debug|Win32
		{D42E5F50-C485-4E9E-8801-A724C686C7D1}.Debug|Mixed Platforms.ActiveCfg = Debug|Win32
		{D42E5F50-C485-4E9E-8801-A724C686C7D1}.Debug|Mixed Platforms.Build.0 = Debug|Win32
		{D42E5F50-C485-4E9E-8801-A724C686C7D1}.Debug|Win32.ActiveCfg = Debug|Win32
		{D42E5F50-C485-4E9E-8801-A724C686C7D1}.Debug|Win32.Build.0 = Debug|Win32
		{D42E5F50-C485-4E9E-8801-A724C686C7D1}.Release|Any CPU.ActiveCfg = Release|Win32
		{D42E5F50-C485-4E9E-8801-A724C686C7D1}.Release|Mixed Platforms.ActiveCfg = Release|Win32
		{D42E5F50-C485-4E9E-8801-A724C686C7D1}.Release|Mixed Platforms.Build.0 = Release|Win32
		{D42E5F50-C485-4E9E-8801-A724C686C7D1}.Release|Win32.ActiveCfg = Release|Win32
		{D42E5F50-C485-4E9E-8801-A724C686C7D1}.Release|Win32.Build.0 = Release|Win32
		{3429DE0F-24FC-4D2C-9249-B4F803928609}.Debug|Any CPU.ActiveCfg = Debug|Win32
		{3429DE0F-24FC-4D2C-9249-B4F803928609}.Debug|Mixed Platforms.ActiveCfg = Debug|Win32
		{3429DE0F-24FC-4D2C-9249-B4F803928609}.Debug|Mixed Platforms.Build.0 = Debug|Win32
		{3429DE0F-24FC-4D2C-9249-B4F803928609}.Debug|Win32.ActiveCfg = Debug|Win32
		{3429DE0F-24FC-4D2C-9249-B4F803928609}.Debug|Win32.Build.0 = Debug|Win32
		{3429DE0F-24FC-4D2C-9249-B4F803928609}.Release|Any CPU.ActiveCfg = Release|Win32
		{3429DE0F-24FC-4D2C-9249-B4F803928609}.Release|Mixed Platforms.ActiveCfg = Release|Win32
		{3429DE0F-24FC-4D2C-9249-B4F803928609}.Release|Mixed Platforms.Build.0 = Release|Win32
		{3429DE0F-24FC-4D2C-9249-B4F803928609}.Release|Win32.ActiveCfg = Release|Win32
		{3429DE0F-24FC-4D2C-9249-B4F803928609}.Release|Win32.Build.0 = Release|Win32
		{CE75A4BE-D5AD-4211-9F76-88FEB6C2A132}.Debug|Any CPU.ActiveCfg = Debug|Win32
		{CE75A4BE-D5AD-4211-9F76-88FEB6C2A132}.Debug|Mixed Platforms.ActiveCfg = Debug|Win32
		{CE75A4BE-D5AD-4211-9F76-88FEB6C2A132}.Debug|Mixed Platforms.Build.0 = Debug|Win32
		{CE75A4BE-D5AD-4211-9F76-88FEB6C2A132}.Debug|Win32.ActiveCfg = Debug|Win32
		{CE75A4BE-D5AD-4211-9F76-88FEB6C2A132}.Debug|Win32.Build.0 = Debug|Win32
		{CE75A4BE-D5AD-4211-9F76-88FEB6C2A132}.Release|Any CPU.ActiveCfg = Release|Win32
		{CE75A4BE-D5AD-4211-9F76-88FEB6C2A132}.Release|Mixed Platforms.ActiveCfg = Release|Win32
		{CE75A4BE-D5AD-4211-9F76-88FEB6C2A132}.Release|Mixed Platforms.Build.0 = Release|Win32
		{CE75A4BE-D5AD-4211-9F76-88FEB6C2A132}.Release|Win32.ActiveCfg = Release|Win32
		{CE75A4BE-D5AD-4211-9F76-88FEB6C2A132}.Release|Win32.Build.0 = Release|Win32
		{1CC881A4-292B-42E5-980A-00FDE6B6EDDD}.Debug|Any CPU.ActiveCfg = Debug|Win32
		{1CC881A4-292B-42E5-980A-00FDE6B6EDDD}.Debug|Mixed Platforms.ActiveCfg = Debug|Win32
		{1CC881A4-292B-42E5-980A-00FDE6B6EDDD}.Debug|Mixed Platforms.Build.0 = Debug|Win32
		{1CC881A4-292B-42E5-980A-00FDE6B6EDDD}.Debug|Win32.ActiveCfg = Debug|Win32
		{1CC881A4-292B-42E5-980A-00FDE6B6EDDD}.Debug|Win32.Build.0 = Debug|Win32
		{1CC881A4-292B-42E5-980A-00FDE6B6EDDD}.Release|Any CPU.ActiveCfg = Release|Win32
		{1CC881A4-292B-42E5-980A-00FDE6B6EDDD}.Release|Mixed Platforms.ActiveCfg = Release|Win32
		{1CC881A4-292B-42E5-980A-00FDE6B6EDDD}.Release|Mixed Platforms.Build.0 = Release|Win32
		{1CC881A4-292B-42E5-980A-00FDE6B6EDDD}.Release|Win32.ActiveCfg = Release|Win32
		{1CC881A4-292B-42E5-980A-00FDE6B6EDDD}.Release|Win32.Build.0 = Release|Win32
		{1C860AC0-083C-47CE-B70E-A1913937EF2B}.Debug|Any CPU.ActiveCfg = Debug|Win32
		{1C860AC0-083C-47CE-B70E-A1913937EF2B}.Debug|Mixed Platforms.ActiveCfg = Debug|Win32
		{1C860AC0-083C-47CE-B70E-A1913937EF2B}.Debug|Mixed Platforms.Build.0 = Debug|Win32
		{1C860AC0-083C-47CE-B70E-A1913937EF2B}.Debug|Win32.ActiveCfg = Debug|Win32
		{1C860AC0-083C-47CE-B70E-A1913937EF2B}.Debug|Win32.Build.0 = Debug|Win32
		{1C860AC0-083C-47CE-B70E-A1913937EF2B}.Release|Any CPU.ActiveCfg = Release|Win32
		{1C860AC0-083C-47CE-B70E-A1913937EF2B}.Release|Mixed Platforms.ActiveCfg = Release|Win32
		{1C860AC0-083C-47CE-B70E-A1913937EF2B}.Release|Mixed Platforms.Build.0 = Release|Win32
		{1C860AC0-083C-47CE-B70E-A1913937EF2B}.Release|Win32.ActiveCfg = Release|Win32
		{1C860AC0-083C-47CE-B70E-A1913937EF2B}.Release|Win32.Build.0 = Release|Win32
		{98C1629C-CB94-4039-BAB1-324F19E2BFD0}.Debug|Any CPU.ActiveCfg = Debug|Win32
		{98C1629C-CB94-4039-BAB1-324F19E2BFD0}.Debug|Mixed Platforms.ActiveCfg = Debug|Win32
		{98C1629C-CB94-4039-BAB1-324F19E2BFD0}.Debug|Mixed Platforms.Build.0 = Debug|Win32
		{98C1629C-CB94-4039-BAB1-324F19E2BFD0}.Debug|Win32.ActiveCfg = Debug|Win32
		{98C1629C-CB94-4039-BAB1-324F19E2BFD0}.Debug|Win32.Build.0 = Debug|Win32
		{98C1629C-CB94-4039-BAB1-324F19E2BFD0}.Release|Any CPU.ActiveCfg = Release|Win32
		{98C1629C-CB94-4039-BAB1-324F19E2BFD0}.Release|Mixed Platforms.ActiveCfg = Release|Win32
		{98C1629C-CB94-4039-BAB1-324F19E2BFD0}.Release|Mixed Platforms.Build.0 = Release|Win32
		{98C1629C-CB94-4039-BAB1-324F19E2BFD0}.Release|Win32.ActiveCfg = Release|Win32
		{98C1629C-CB94-4039-BAB1-324F19E2BFD0}.Release|Win32.Build.0 = Release|Win32
		{CF1B5429-5B2E-42C9-A620-D86A3FF342C6}.Debug|Any CPU.ActiveCfg = Debug|Win32
		{CF1B5429-5B2E-42C9-A620-D86A3FF342C6}.Debug|Mixed Platforms.ActiveCfg = Debug|Win32
		{CF1B5429-5B2E-42C9-A620-D86A3FF342C6}.Debug|Mixed Platforms.Build.0 = Debug|Win32
		{CF1B5429-5B2E-42C9-A620-D86A3FF342C6}.Debug|Win32.ActiveCfg = Debug|Win32
		{CF1B5429-5B2E-42C9-A620-D86A3FF342C6}.Debug|Win32.Build.0 = Debug|Win32
		{CF1B5429-5B2E-42C9-A620-D86A3FF342C6}.Release|Any CPU.ActiveCfg = Release|Win32
		{CF1B5429-5B2E-42C9-A620-D86A3FF342C6}.Release|Mixed Platforms.ActiveCfg = Release|Win32
		{CF1B5429-5B2E-42C9-A620-D86A3FF342C6}.Release|Mixed Platforms.Build.0 = Release|Win32
		{CF1B5429-5B2E-42C9-A620-D86A3FF342C6}.Release|Win32.ActiveCfg = Release|Win32
		{CF1B5429-5B2E-42C9-A620-D86A3FF342C6}.Release|Win32.Build.0 = Release|Win32
		{19F876A6-F419-4DFC-A88F-BF80ED9DF16C}.Debug|Any CPU.ActiveCfg = Debug|Win32
		{19F876A6-F419-4DFC-A88F-BF80ED9DF16C}.Debug|Mixed Platforms.ActiveCfg = Debug|Win32
		{19F876A6-F419-4DFC-A88F-BF80ED9DF16C}.Debug|Mixed Platforms.Build.0 = Debug|Win32
		{19F876A6-F419-4DFC-A88F-BF80ED9DF16C}.Debug|Win32.ActiveCfg = Debug|Win32
		{19F876A6-F419-4DFC-A88F-BF80ED9DF16C}.Debug|Win32.Build.0 = Debug|Win32
		{19F876A6-F419-4DFC-A88F-BF80ED9DF16C}.Release|Any CPU.ActiveCfg = Release|Win32
		{19F876A6-F419-4DFC-A88F-BF80ED9DF16C}.Release|Mixed Platforms.ActiveCfg = Release|Win32
		{19F876A6-F419-4DFC-A88F-BF80ED9DF16C}.Release|Mixed Platforms.Build.0 = Release|Win32
		{19F876A6-F419-4DFC-A88F-BF80ED9DF16C}.Release|Win32.ActiveCfg = Release|Win32
		{19F876A6-F419-4DFC-A88F-BF80ED9DF16C}.Release|Win32.Build.0 = Release|Win32
		{7CC06A04-6210-4632-A760-4EBAAB3474D4}.Debug|Any CPU.ActiveCfg = Debug|Win32
		{7CC06A04-6210-4632-A760-4EBAAB3474D4}.Debug|Mixed Platforms.ActiveCfg = Debug|Win32
		{7CC06A04-6210-4632-A760-4EBAAB3474D4}.Debug|Mixed Platforms.Build.0 = Debug|Win32
		{7CC06A04-6210-4632-A760-4EBAAB3474D4}.Debug|Win32.ActiveCfg = Debug|Win32
		{7CC06A04-6210-4632-A760-4EBAAB3474D4}.Debug|Win32.Build.0 = Debug|Win32
		{7CC06A04-6210-4632-A760-4EBAAB3474D4}.Release|Any CPU.ActiveCfg = Release|Win32
		{7CC06A04-6210-4632-A760-4EBAAB3474D4}.Release|Mixed Platforms.ActiveCfg = Release|Win32
		{7CC06A04-6210-4632-A760-4EBAAB3474D4}.Release|Mixed Platforms.Build.0 = Release|Win32
		{7CC06A04-6210-4632-A760-4EBAAB3474D4}.Release|Win32.ActiveCfg = Release|Win32
		{7CC06A04-6210-4632-A760-4EBAAB3474D4}.Release|Win32.Build.0 = Release|Win32
	EndGlobalSection
	GlobalSection(SolutionProperties) = preSolution
		HideSolutionNode = FALSE
	EndGlobalSection
	GlobalSection(NestedProjects) = preSolution
		{E53A840F-3EF4-44E5-B796-4711B709FAE8} = {81D99702-3203-4200-8F07-A04795AC1B45}
		{1C860AC0-083C-47CE-B70E-A1913937EF2B} = {A597B868-E677-4341-8479-120897243DCD}
		{98C1629C-CB94-4039-BAB1-324F19E2BFD0} = {A597B868-E677-4341-8479-120897243DCD}
		{19F876A6-F419-4DFC-A88F-BF80ED9DF16C} = {A597B868-E677-4341-8479-120897243DCD}
		{E0A3DAE3-401C-4AAA-8E1A-ECE5C0AAF712} = {FB89E883-5E72-40F6-8646-7A65656FAF0B}
		{D42E5F50-C485-4E9E-8801-A724C686C7D1} = {FB89E883-5E72-40F6-8646-7A65656FAF0B}
		{CE75A4BE-D5AD-4211-9F76-88FEB6C2A132} = {FB89E883-5E72-40F6-8646-7A65656FAF0B}
		{1CC881A4-292B-42E5-980A-00FDE6B6EDDD} = {FB89E883-5E72-40F6-8646-7A65656FAF0B}
		{3429DE0F-24FC-4D2C-9249-B4F803928609} = {91E95175-1D1D-4002-A1E0-E1C6E3D916E6}
		{CF1B5429-5B2E-42C9-A620-D86A3FF342C6} = {91E95175-1D1D-4002-A1E0-E1C6E3D916E6}
		{7CC06A04-6210-4632-A760-4EBAAB3474D4} = {91E95175-1D1D-4002-A1E0-E1C6E3D916E6}
	EndGlobalSection
EndGlobal
