
Microsoft Visual Studio Solution File, Format Version 12.00
# Visual Studio 2013
VisualStudioVersion = 12.0.21005.1
MinimumVisualStudioVersion = 10.0.40219.1
Project("{2150E333-8FDC-42A3-9474-1A3956D46DE8}") = "external", "external", "{81D99702-3203-4200-8F07-A04795AC1B45}"
EndProject
Project("{8BC9CEB8-8B4A-11D0-8D11-00A0C91BC942}") = "gmock", "external\gmock\msvc\2013\gmock.vcxproj", "{E53A840F-3EF4-44E5-B796-4711B709FAE8}"
EndProject
Project("{2150E333-8FDC-42A3-9474-1A3956D46DE8}") = "infra", "infra", "{A597B868-E677-4341-8479-120897243DCD}"
EndProject
Project("{2150E333-8FDC-42A3-9474-1A3956D46DE8}") = "services", "services", "{FB89E883-5E72-40F6-8646-7A65656FAF0B}"
EndProject
Project("{8BC9CEB8-8B4A-11D0-8D11-00A0C91BC942}") = "dataModel", "services\DataModel\DataModel.vcxproj", "{E0A3DAE3-401C-4AAA-8E1A-ECE5C0AAF712}"
EndProject
Project("{8BC9CEB8-8B4A-11D0-8D11-00A0C91BC942}") = "dataModel_test", "services\DataModel\DataModel_test.vcxproj", "{D42E5F50-C485-4E9E-8801-A724C686C7D1}"
EndProject
Project("{2150E333-8FDC-42A3-9474-1A3956D46DE8}") = "hal", "hal", "{91E95175-1D1D-4002-A1E0-E1C6E3D916E6}"
EndProject
Project("{8BC9CEB8-8B4A-11D0-8D11-00A0C91BC942}") = "interfaces", "hal\interfaces\interfaces.vcxproj", "{3429DE0F-24FC-4D2C-9249-B4F803928609}"
EndProject
Project("{8BC9CEB8-8B4A-11D0-8D11-00A0C91BC942}") = "util", "services\util\util.vcxproj", "{CE75A4BE-D5AD-4211-9F76-88FEB6C2A132}"
EndProject
Project("{8BC9CEB8-8B4A-11D0-8D11-00A0C91BC942}") = "util_test", "services\util\util_test.vcxproj", "{1CC881A4-292B-42E5-980A-00FDE6B6EDDD}"
EndProject
Project("{8BC9CEB8-8B4A-11D0-8D11-00A0C91BC942}") = "util", "infra\util\util.vcxproj", "{1C860AC0-083C-47CE-B70E-A1913937EF2B}"
EndProject
Project("{8BC9CEB8-8B4A-11D0-8D11-00A0C91BC942}") = "util_test", "infra\util\util_test.vcxproj", "{98C1629C-CB94-4039-BAB1-324F19E2BFD0}"
EndProject
Project("{8BC9CEB8-8B4A-11D0-8D11-00A0C91BC942}") = "interfaces_test", "hal\interfaces\interfaces_test.vcxproj", "{CF1B5429-5B2E-42C9-A620-D86A3FF342C6}"
	ProjectSection(ProjectDependencies) = postProject
		{7CC06A04-6210-4632-A760-4EBAAB3474D4} = {7CC06A04-6210-4632-A760-4EBAAB3474D4}
		{E53A840F-3EF4-44E5-B796-4711B709FAE8} = {E53A840F-3EF4-44E5-B796-4711B709FAE8}
		{3429DE0F-24FC-4D2C-9249-B4F803928609} = {3429DE0F-24FC-4D2C-9249-B4F803928609}
	EndProjectSection
EndProject
Project("{8BC9CEB8-8B4A-11D0-8D11-00A0C91BC942}") = "util_test_helper", "infra\util\util_test_helper.vcxproj", "{19F876A6-F419-4DFC-A88F-BF80ED9DF16C}"
EndProject
Project("{8BC9CEB8-8B4A-11D0-8D11-00A0C91BC942}") = "interfaces_test_helper", "hal\interfaces\interfaces_test_helper.vcxproj", "{7CC06A04-6210-4632-A760-4EBAAB3474D4}"
EndProject
Project("{8BC9CEB8-8B4A-11D0-8D11-00A0C91BC942}") = "stream", "infra\stream\stream.vcxproj", "{1532C322-A152-486B-8842-CA07F2F43057}"
EndProject
Project("{8BC9CEB8-8B4A-11D0-8D11-00A0C91BC942}") = "stream_test", "infra\stream\stream_test.vcxproj", "{BB048720-5A78-470E-81BA-2DDA006B70B7}"
EndProject
Project("{8BC9CEB8-8B4A-11D0-8D11-00A0C91BC942}") = "sequencer", "infra\sequencer\sequencer.vcxproj", "{81B06B61-EFD6-439B-B883-292D384BFB0C}"
EndProject
Project("{8BC9CEB8-8B4A-11D0-8D11-00A0C91BC942}") = "sequencer_test", "infra\sequencer\sequencer_test.vcxproj", "{5D08B7A0-C279-4E1F-95F0-01ACC6F529B5}"
EndProject
Project("{8BC9CEB8-8B4A-11D0-8D11-00A0C91BC942}") = "test_all", "test_all\test_all.vcxproj", "{65134E58-8F1C-47E2-BA89-D03D32D7D1DF}"
	ProjectSection(ProjectDependencies) = postProject
		{BB048720-5A78-470E-81BA-2DDA006B70B7} = {BB048720-5A78-470E-81BA-2DDA006B70B7}
		{CF1B5429-5B2E-42C9-A620-D86A3FF342C6} = {CF1B5429-5B2E-42C9-A620-D86A3FF342C6}
		{D42E5F50-C485-4E9E-8801-A724C686C7D1} = {D42E5F50-C485-4E9E-8801-A724C686C7D1}
		{98C1629C-CB94-4039-BAB1-324F19E2BFD0} = {98C1629C-CB94-4039-BAB1-324F19E2BFD0}
		{5D08B7A0-C279-4E1F-95F0-01ACC6F529B5} = {5D08B7A0-C279-4E1F-95F0-01ACC6F529B5}
		{1CC881A4-292B-42E5-980A-00FDE6B6EDDD} = {1CC881A4-292B-42E5-980A-00FDE6B6EDDD}
	EndProjectSection
EndProject
Project("{2150E333-8FDC-42A3-9474-1A3956D46DE8}") = "packs", "packs", "{D5D697B8-A26A-4F0F-8AF4-A26942DFCF49}"
EndProject
Project("{2150E333-8FDC-42A3-9474-1A3956D46DE8}") = "fsm", "fsm", "{92B53991-17CE-4D48-A7ED-B483C9D925E7}"
EndProject
Project("{FAE04EC0-301F-11D3-BF4B-00C04F79EFBC}") = "fsm", "packs\fsm\fsm\fsm.csproj", "{290F29FA-80BD-4CDC-ABDF-AE2377846D96}"
EndProject
Project("{8BC9CEB8-8B4A-11D0-8D11-00A0C91BC942}") = "fsm_test", "packs\fsm\fsm_test.vcxproj", "{524A6284-7236-4900-8F86-2F237D7C4223}"
	ProjectSection(ProjectDependencies) = postProject
		{290F29FA-80BD-4CDC-ABDF-AE2377846D96} = {290F29FA-80BD-4CDC-ABDF-AE2377846D96}
	EndProjectSection
EndProject
Project("{8BC9CEB8-8B4A-11D0-8D11-00A0C91BC942}") = "event", "infra\event\event.vcxproj", "{F37DEB21-494B-42DE-BC62-686E8994F93D}"
EndProject
Project("{8BC9CEB8-8B4A-11D0-8D11-00A0C91BC942}") = "event_test_helper", "infra\event\event_test_helper.vcxproj", "{B1305F1F-1D19-46E1-8102-D5CE360E6DF0}"
EndProject
Project("{8BC9CEB8-8B4A-11D0-8D11-00A0C91BC942}") = "event_test", "infra\event\event_test.vcxproj", "{8A6B99C0-EACA-4D0F-B41C-25BBEB5CC01D}"
EndProject
Project("{8BC9CEB8-8B4A-11D0-8D11-00A0C91BC942}") = "timer", "infra\timer\timer.vcxproj", "{A1A1710C-C9AD-4749-B24F-EA44752415E1}"
EndProject
Project("{8BC9CEB8-8B4A-11D0-8D11-00A0C91BC942}") = "timer_test", "infra\timer\timer_test.vcxproj", "{C2512081-D747-4A87-9CF7-46015FE0F546}"
EndProject
Project("{8BC9CEB8-8B4A-11D0-8D11-00A0C91BC942}") = "timer_test_helper", "infra\timer\timer_test_helper.vcxproj", "{8DF681E3-BF1B-4018-B851-56E3A84F4290}"
EndProject
Project("{8BC9CEB8-8B4A-11D0-8D11-00A0C91BC942}") = "threading", "infra\threading\threading.vcxproj", "{71035780-E59F-4532-B1EC-154DC43F5A64}"
EndProject
Project("{2150E333-8FDC-42A3-9474-1A3956D46DE8}") = "erpc", "erpc", "{8E4ACF5F-8939-4493-AE2D-AD87371719AC}"
EndProject
Project("{FAE04EC0-301F-11D3-BF4B-00C04F79EFBC}") = "InterfaceCodeGen", "packs\embedded_rpc\InterfaceCodeGen\InterfaceCodeGen.csproj", "{4B864BE1-739C-4B35-9217-AB515F54E6DD}"
EndProject
Project("{8BC9CEB8-8B4A-11D0-8D11-00A0C91BC942}") = "embedded_rpc_cpp_test", "packs\embedded_rpc\embedded_rpc_cpp_test.vcxproj", "{01F64C01-42DC-4010-BA27-889772847246}"
	ProjectSection(ProjectDependencies) = postProject
		{4B864BE1-739C-4B35-9217-AB515F54E6DD} = {4B864BE1-739C-4B35-9217-AB515F54E6DD}
	EndProjectSection
EndProject
Project("{8BC9CEB8-8B4A-11D0-8D11-00A0C91BC942}") = "embedded_rpc_c_test", "packs\embedded_rpc\embedded_rpc_c_test.vcxproj.vcxproj", "{01F65C01-42DC-4010-BA27-889772847246}"
	ProjectSection(ProjectDependencies) = postProject
		{4B864BE1-739C-4B35-9217-AB515F54E6DD} = {4B864BE1-739C-4B35-9217-AB515F54E6DD}
	EndProjectSection
EndProject
Project("{8BC9CEB8-8B4A-11D0-8D11-00A0C91BC942}") = "embedded_rpc_mcpp_test_lib", "packs\embedded_rpc\embedded_rpc_mcpp_test_lib\embedded_rpc_mcpp_test_lib.vcxproj", "{1EEF29BA-4A96-41C7-AEA0-D99835C2503A}"
	ProjectSection(ProjectDependencies) = postProject
		{4B864BE1-739C-4B35-9217-AB515F54E6DD} = {4B864BE1-739C-4B35-9217-AB515F54E6DD}
	EndProjectSection
EndProject
Project("{FAE04EC0-301F-11D3-BF4B-00C04F79EFBC}") = "embedded_rpc_mcpp_test", "packs\embedded_rpc\embedded_rpc_mcpp_test\embedded_rpc_mcpp_test.csproj", "{DF5FBA12-5E2B-4B2F-8BD5-19A6EDB0DA57}"
EndProject
Global
	GlobalSection(SolutionConfigurationPlatforms) = preSolution
		Debug|Any CPU = Debug|Any CPU
		Debug|Mixed Platforms = Debug|Mixed Platforms
		Debug|Win32 = Debug|Win32
		Debug|x86 = Debug|x86
		Release|Any CPU = Release|Any CPU
		Release|Mixed Platforms = Release|Mixed Platforms
		Release|Win32 = Release|Win32
		Release|x86 = Release|x86
	EndGlobalSection
	GlobalSection(ProjectConfigurationPlatforms) = postSolution
		{E53A840F-3EF4-44E5-B796-4711B709FAE8}.Debug|Any CPU.ActiveCfg = Debug|Win32
		{E53A840F-3EF4-44E5-B796-4711B709FAE8}.Debug|Mixed Platforms.ActiveCfg = Debug|Win32
		{E53A840F-3EF4-44E5-B796-4711B709FAE8}.Debug|Mixed Platforms.Build.0 = Debug|Win32
		{E53A840F-3EF4-44E5-B796-4711B709FAE8}.Debug|Win32.ActiveCfg = Debug|Win32
		{E53A840F-3EF4-44E5-B796-4711B709FAE8}.Debug|Win32.Build.0 = Debug|Win32
		{E53A840F-3EF4-44E5-B796-4711B709FAE8}.Debug|x86.ActiveCfg = Debug|Win32
		{E53A840F-3EF4-44E5-B796-4711B709FAE8}.Debug|x86.Build.0 = Debug|Win32
		{E53A840F-3EF4-44E5-B796-4711B709FAE8}.Release|Any CPU.ActiveCfg = Release|Win32
		{E53A840F-3EF4-44E5-B796-4711B709FAE8}.Release|Mixed Platforms.ActiveCfg = Release|Win32
		{E53A840F-3EF4-44E5-B796-4711B709FAE8}.Release|Mixed Platforms.Build.0 = Release|Win32
		{E53A840F-3EF4-44E5-B796-4711B709FAE8}.Release|Win32.ActiveCfg = Release|Win32
		{E53A840F-3EF4-44E5-B796-4711B709FAE8}.Release|Win32.Build.0 = Release|Win32
		{E53A840F-3EF4-44E5-B796-4711B709FAE8}.Release|x86.ActiveCfg = Release|Win32
		{E53A840F-3EF4-44E5-B796-4711B709FAE8}.Release|x86.Build.0 = Release|Win32
		{E0A3DAE3-401C-4AAA-8E1A-ECE5C0AAF712}.Debug|Any CPU.ActiveCfg = Debug|Win32
		{E0A3DAE3-401C-4AAA-8E1A-ECE5C0AAF712}.Debug|Mixed Platforms.ActiveCfg = Debug|Win32
		{E0A3DAE3-401C-4AAA-8E1A-ECE5C0AAF712}.Debug|Mixed Platforms.Build.0 = Debug|Win32
		{E0A3DAE3-401C-4AAA-8E1A-ECE5C0AAF712}.Debug|Win32.ActiveCfg = Debug|Win32
		{E0A3DAE3-401C-4AAA-8E1A-ECE5C0AAF712}.Debug|Win32.Build.0 = Debug|Win32
		{E0A3DAE3-401C-4AAA-8E1A-ECE5C0AAF712}.Debug|x86.ActiveCfg = Debug|Win32
		{E0A3DAE3-401C-4AAA-8E1A-ECE5C0AAF712}.Debug|x86.Build.0 = Debug|Win32
		{E0A3DAE3-401C-4AAA-8E1A-ECE5C0AAF712}.Release|Any CPU.ActiveCfg = Release|Win32
		{E0A3DAE3-401C-4AAA-8E1A-ECE5C0AAF712}.Release|Mixed Platforms.ActiveCfg = Release|Win32
		{E0A3DAE3-401C-4AAA-8E1A-ECE5C0AAF712}.Release|Mixed Platforms.Build.0 = Release|Win32
		{E0A3DAE3-401C-4AAA-8E1A-ECE5C0AAF712}.Release|Win32.ActiveCfg = Release|Win32
		{E0A3DAE3-401C-4AAA-8E1A-ECE5C0AAF712}.Release|Win32.Build.0 = Release|Win32
		{E0A3DAE3-401C-4AAA-8E1A-ECE5C0AAF712}.Release|x86.ActiveCfg = Release|Win32
		{E0A3DAE3-401C-4AAA-8E1A-ECE5C0AAF712}.Release|x86.Build.0 = Release|Win32
		{D42E5F50-C485-4E9E-8801-A724C686C7D1}.Debug|Any CPU.ActiveCfg = Debug|Win32
		{D42E5F50-C485-4E9E-8801-A724C686C7D1}.Debug|Mixed Platforms.ActiveCfg = Debug|Win32
		{D42E5F50-C485-4E9E-8801-A724C686C7D1}.Debug|Mixed Platforms.Build.0 = Debug|Win32
		{D42E5F50-C485-4E9E-8801-A724C686C7D1}.Debug|Win32.ActiveCfg = Debug|Win32
		{D42E5F50-C485-4E9E-8801-A724C686C7D1}.Debug|Win32.Build.0 = Debug|Win32
		{D42E5F50-C485-4E9E-8801-A724C686C7D1}.Debug|x86.ActiveCfg = Debug|Win32
		{D42E5F50-C485-4E9E-8801-A724C686C7D1}.Debug|x86.Build.0 = Debug|Win32
		{D42E5F50-C485-4E9E-8801-A724C686C7D1}.Release|Any CPU.ActiveCfg = Release|Win32
		{D42E5F50-C485-4E9E-8801-A724C686C7D1}.Release|Mixed Platforms.ActiveCfg = Release|Win32
		{D42E5F50-C485-4E9E-8801-A724C686C7D1}.Release|Mixed Platforms.Build.0 = Release|Win32
		{D42E5F50-C485-4E9E-8801-A724C686C7D1}.Release|Win32.ActiveCfg = Release|Win32
		{D42E5F50-C485-4E9E-8801-A724C686C7D1}.Release|Win32.Build.0 = Release|Win32
		{D42E5F50-C485-4E9E-8801-A724C686C7D1}.Release|x86.ActiveCfg = Release|Win32
		{D42E5F50-C485-4E9E-8801-A724C686C7D1}.Release|x86.Build.0 = Release|Win32
		{3429DE0F-24FC-4D2C-9249-B4F803928609}.Debug|Any CPU.ActiveCfg = Debug|Win32
		{3429DE0F-24FC-4D2C-9249-B4F803928609}.Debug|Mixed Platforms.ActiveCfg = Debug|Win32
		{3429DE0F-24FC-4D2C-9249-B4F803928609}.Debug|Mixed Platforms.Build.0 = Debug|Win32
		{3429DE0F-24FC-4D2C-9249-B4F803928609}.Debug|Win32.ActiveCfg = Debug|Win32
		{3429DE0F-24FC-4D2C-9249-B4F803928609}.Debug|Win32.Build.0 = Debug|Win32
		{3429DE0F-24FC-4D2C-9249-B4F803928609}.Debug|x86.ActiveCfg = Debug|Win32
		{3429DE0F-24FC-4D2C-9249-B4F803928609}.Debug|x86.Build.0 = Debug|Win32
		{3429DE0F-24FC-4D2C-9249-B4F803928609}.Release|Any CPU.ActiveCfg = Release|Win32
		{3429DE0F-24FC-4D2C-9249-B4F803928609}.Release|Mixed Platforms.ActiveCfg = Release|Win32
		{3429DE0F-24FC-4D2C-9249-B4F803928609}.Release|Mixed Platforms.Build.0 = Release|Win32
		{3429DE0F-24FC-4D2C-9249-B4F803928609}.Release|Win32.ActiveCfg = Release|Win32
		{3429DE0F-24FC-4D2C-9249-B4F803928609}.Release|Win32.Build.0 = Release|Win32
		{3429DE0F-24FC-4D2C-9249-B4F803928609}.Release|x86.ActiveCfg = Release|Win32
		{3429DE0F-24FC-4D2C-9249-B4F803928609}.Release|x86.Build.0 = Release|Win32
		{CE75A4BE-D5AD-4211-9F76-88FEB6C2A132}.Debug|Any CPU.ActiveCfg = Debug|Win32
		{CE75A4BE-D5AD-4211-9F76-88FEB6C2A132}.Debug|Mixed Platforms.ActiveCfg = Debug|Win32
		{CE75A4BE-D5AD-4211-9F76-88FEB6C2A132}.Debug|Mixed Platforms.Build.0 = Debug|Win32
		{CE75A4BE-D5AD-4211-9F76-88FEB6C2A132}.Debug|Win32.ActiveCfg = Debug|Win32
		{CE75A4BE-D5AD-4211-9F76-88FEB6C2A132}.Debug|Win32.Build.0 = Debug|Win32
		{CE75A4BE-D5AD-4211-9F76-88FEB6C2A132}.Debug|x86.ActiveCfg = Debug|Win32
		{CE75A4BE-D5AD-4211-9F76-88FEB6C2A132}.Debug|x86.Build.0 = Debug|Win32
		{CE75A4BE-D5AD-4211-9F76-88FEB6C2A132}.Release|Any CPU.ActiveCfg = Release|Win32
		{CE75A4BE-D5AD-4211-9F76-88FEB6C2A132}.Release|Mixed Platforms.ActiveCfg = Release|Win32
		{CE75A4BE-D5AD-4211-9F76-88FEB6C2A132}.Release|Mixed Platforms.Build.0 = Release|Win32
		{CE75A4BE-D5AD-4211-9F76-88FEB6C2A132}.Release|Win32.ActiveCfg = Release|Win32
		{CE75A4BE-D5AD-4211-9F76-88FEB6C2A132}.Release|Win32.Build.0 = Release|Win32
		{CE75A4BE-D5AD-4211-9F76-88FEB6C2A132}.Release|x86.ActiveCfg = Release|Win32
		{CE75A4BE-D5AD-4211-9F76-88FEB6C2A132}.Release|x86.Build.0 = Release|Win32
		{1CC881A4-292B-42E5-980A-00FDE6B6EDDD}.Debug|Any CPU.ActiveCfg = Debug|Win32
		{1CC881A4-292B-42E5-980A-00FDE6B6EDDD}.Debug|Mixed Platforms.ActiveCfg = Debug|Win32
		{1CC881A4-292B-42E5-980A-00FDE6B6EDDD}.Debug|Mixed Platforms.Build.0 = Debug|Win32
		{1CC881A4-292B-42E5-980A-00FDE6B6EDDD}.Debug|Win32.ActiveCfg = Debug|Win32
		{1CC881A4-292B-42E5-980A-00FDE6B6EDDD}.Debug|Win32.Build.0 = Debug|Win32
		{1CC881A4-292B-42E5-980A-00FDE6B6EDDD}.Debug|x86.ActiveCfg = Debug|Win32
		{1CC881A4-292B-42E5-980A-00FDE6B6EDDD}.Debug|x86.Build.0 = Debug|Win32
		{1CC881A4-292B-42E5-980A-00FDE6B6EDDD}.Release|Any CPU.ActiveCfg = Release|Win32
		{1CC881A4-292B-42E5-980A-00FDE6B6EDDD}.Release|Mixed Platforms.ActiveCfg = Release|Win32
		{1CC881A4-292B-42E5-980A-00FDE6B6EDDD}.Release|Mixed Platforms.Build.0 = Release|Win32
		{1CC881A4-292B-42E5-980A-00FDE6B6EDDD}.Release|Win32.ActiveCfg = Release|Win32
		{1CC881A4-292B-42E5-980A-00FDE6B6EDDD}.Release|Win32.Build.0 = Release|Win32
		{1CC881A4-292B-42E5-980A-00FDE6B6EDDD}.Release|x86.ActiveCfg = Release|Win32
		{1CC881A4-292B-42E5-980A-00FDE6B6EDDD}.Release|x86.Build.0 = Release|Win32
		{1C860AC0-083C-47CE-B70E-A1913937EF2B}.Debug|Any CPU.ActiveCfg = Debug|Win32
		{1C860AC0-083C-47CE-B70E-A1913937EF2B}.Debug|Mixed Platforms.ActiveCfg = Debug|Win32
		{1C860AC0-083C-47CE-B70E-A1913937EF2B}.Debug|Mixed Platforms.Build.0 = Debug|Win32
		{1C860AC0-083C-47CE-B70E-A1913937EF2B}.Debug|Win32.ActiveCfg = Debug|Win32
		{1C860AC0-083C-47CE-B70E-A1913937EF2B}.Debug|Win32.Build.0 = Debug|Win32
		{1C860AC0-083C-47CE-B70E-A1913937EF2B}.Debug|x86.ActiveCfg = Debug|Win32
		{1C860AC0-083C-47CE-B70E-A1913937EF2B}.Debug|x86.Build.0 = Debug|Win32
		{1C860AC0-083C-47CE-B70E-A1913937EF2B}.Release|Any CPU.ActiveCfg = Release|Win32
		{1C860AC0-083C-47CE-B70E-A1913937EF2B}.Release|Mixed Platforms.ActiveCfg = Release|Win32
		{1C860AC0-083C-47CE-B70E-A1913937EF2B}.Release|Mixed Platforms.Build.0 = Release|Win32
		{1C860AC0-083C-47CE-B70E-A1913937EF2B}.Release|Win32.ActiveCfg = Release|Win32
		{1C860AC0-083C-47CE-B70E-A1913937EF2B}.Release|Win32.Build.0 = Release|Win32
		{1C860AC0-083C-47CE-B70E-A1913937EF2B}.Release|x86.ActiveCfg = Release|Win32
		{1C860AC0-083C-47CE-B70E-A1913937EF2B}.Release|x86.Build.0 = Release|Win32
		{98C1629C-CB94-4039-BAB1-324F19E2BFD0}.Debug|Any CPU.ActiveCfg = Debug|Win32
		{98C1629C-CB94-4039-BAB1-324F19E2BFD0}.Debug|Mixed Platforms.ActiveCfg = Debug|Win32
		{98C1629C-CB94-4039-BAB1-324F19E2BFD0}.Debug|Mixed Platforms.Build.0 = Debug|Win32
		{98C1629C-CB94-4039-BAB1-324F19E2BFD0}.Debug|Win32.ActiveCfg = Debug|Win32
		{98C1629C-CB94-4039-BAB1-324F19E2BFD0}.Debug|Win32.Build.0 = Debug|Win32
		{98C1629C-CB94-4039-BAB1-324F19E2BFD0}.Debug|x86.ActiveCfg = Debug|Win32
		{98C1629C-CB94-4039-BAB1-324F19E2BFD0}.Debug|x86.Build.0 = Debug|Win32
		{98C1629C-CB94-4039-BAB1-324F19E2BFD0}.Release|Any CPU.ActiveCfg = Release|Win32
		{98C1629C-CB94-4039-BAB1-324F19E2BFD0}.Release|Mixed Platforms.ActiveCfg = Release|Win32
		{98C1629C-CB94-4039-BAB1-324F19E2BFD0}.Release|Mixed Platforms.Build.0 = Release|Win32
		{98C1629C-CB94-4039-BAB1-324F19E2BFD0}.Release|Win32.ActiveCfg = Release|Win32
		{98C1629C-CB94-4039-BAB1-324F19E2BFD0}.Release|Win32.Build.0 = Release|Win32
		{98C1629C-CB94-4039-BAB1-324F19E2BFD0}.Release|x86.ActiveCfg = Release|Win32
		{98C1629C-CB94-4039-BAB1-324F19E2BFD0}.Release|x86.Build.0 = Release|Win32
		{CF1B5429-5B2E-42C9-A620-D86A3FF342C6}.Debug|Any CPU.ActiveCfg = Debug|Win32
		{CF1B5429-5B2E-42C9-A620-D86A3FF342C6}.Debug|Mixed Platforms.ActiveCfg = Debug|Win32
		{CF1B5429-5B2E-42C9-A620-D86A3FF342C6}.Debug|Mixed Platforms.Build.0 = Debug|Win32
		{CF1B5429-5B2E-42C9-A620-D86A3FF342C6}.Debug|Win32.ActiveCfg = Debug|Win32
		{CF1B5429-5B2E-42C9-A620-D86A3FF342C6}.Debug|Win32.Build.0 = Debug|Win32
		{CF1B5429-5B2E-42C9-A620-D86A3FF342C6}.Debug|x86.ActiveCfg = Debug|Win32
		{CF1B5429-5B2E-42C9-A620-D86A3FF342C6}.Debug|x86.Build.0 = Debug|Win32
		{CF1B5429-5B2E-42C9-A620-D86A3FF342C6}.Release|Any CPU.ActiveCfg = Release|Win32
		{CF1B5429-5B2E-42C9-A620-D86A3FF342C6}.Release|Mixed Platforms.ActiveCfg = Release|Win32
		{CF1B5429-5B2E-42C9-A620-D86A3FF342C6}.Release|Mixed Platforms.Build.0 = Release|Win32
		{CF1B5429-5B2E-42C9-A620-D86A3FF342C6}.Release|Win32.ActiveCfg = Release|Win32
		{CF1B5429-5B2E-42C9-A620-D86A3FF342C6}.Release|Win32.Build.0 = Release|Win32
		{CF1B5429-5B2E-42C9-A620-D86A3FF342C6}.Release|x86.ActiveCfg = Release|Win32
		{CF1B5429-5B2E-42C9-A620-D86A3FF342C6}.Release|x86.Build.0 = Release|Win32
		{19F876A6-F419-4DFC-A88F-BF80ED9DF16C}.Debug|Any CPU.ActiveCfg = Debug|Win32
		{19F876A6-F419-4DFC-A88F-BF80ED9DF16C}.Debug|Mixed Platforms.ActiveCfg = Debug|Win32
		{19F876A6-F419-4DFC-A88F-BF80ED9DF16C}.Debug|Mixed Platforms.Build.0 = Debug|Win32
		{19F876A6-F419-4DFC-A88F-BF80ED9DF16C}.Debug|Win32.ActiveCfg = Debug|Win32
		{19F876A6-F419-4DFC-A88F-BF80ED9DF16C}.Debug|Win32.Build.0 = Debug|Win32
		{19F876A6-F419-4DFC-A88F-BF80ED9DF16C}.Debug|x86.ActiveCfg = Debug|Win32
		{19F876A6-F419-4DFC-A88F-BF80ED9DF16C}.Debug|x86.Build.0 = Debug|Win32
		{19F876A6-F419-4DFC-A88F-BF80ED9DF16C}.Release|Any CPU.ActiveCfg = Release|Win32
		{19F876A6-F419-4DFC-A88F-BF80ED9DF16C}.Release|Mixed Platforms.ActiveCfg = Release|Win32
		{19F876A6-F419-4DFC-A88F-BF80ED9DF16C}.Release|Mixed Platforms.Build.0 = Release|Win32
		{19F876A6-F419-4DFC-A88F-BF80ED9DF16C}.Release|Win32.ActiveCfg = Release|Win32
		{19F876A6-F419-4DFC-A88F-BF80ED9DF16C}.Release|Win32.Build.0 = Release|Win32
		{19F876A6-F419-4DFC-A88F-BF80ED9DF16C}.Release|x86.ActiveCfg = Release|Win32
		{19F876A6-F419-4DFC-A88F-BF80ED9DF16C}.Release|x86.Build.0 = Release|Win32
		{7CC06A04-6210-4632-A760-4EBAAB3474D4}.Debug|Any CPU.ActiveCfg = Debug|Win32
		{7CC06A04-6210-4632-A760-4EBAAB3474D4}.Debug|Mixed Platforms.ActiveCfg = Debug|Win32
		{7CC06A04-6210-4632-A760-4EBAAB3474D4}.Debug|Mixed Platforms.Build.0 = Debug|Win32
		{7CC06A04-6210-4632-A760-4EBAAB3474D4}.Debug|Win32.ActiveCfg = Debug|Win32
		{7CC06A04-6210-4632-A760-4EBAAB3474D4}.Debug|Win32.Build.0 = Debug|Win32
		{7CC06A04-6210-4632-A760-4EBAAB3474D4}.Debug|x86.ActiveCfg = Debug|Win32
		{7CC06A04-6210-4632-A760-4EBAAB3474D4}.Debug|x86.Build.0 = Debug|Win32
		{7CC06A04-6210-4632-A760-4EBAAB3474D4}.Release|Any CPU.ActiveCfg = Release|Win32
		{7CC06A04-6210-4632-A760-4EBAAB3474D4}.Release|Mixed Platforms.ActiveCfg = Release|Win32
		{7CC06A04-6210-4632-A760-4EBAAB3474D4}.Release|Mixed Platforms.Build.0 = Release|Win32
		{7CC06A04-6210-4632-A760-4EBAAB3474D4}.Release|Win32.ActiveCfg = Release|Win32
		{7CC06A04-6210-4632-A760-4EBAAB3474D4}.Release|Win32.Build.0 = Release|Win32
		{7CC06A04-6210-4632-A760-4EBAAB3474D4}.Release|x86.ActiveCfg = Release|Win32
		{7CC06A04-6210-4632-A760-4EBAAB3474D4}.Release|x86.Build.0 = Release|Win32
		{1532C322-A152-486B-8842-CA07F2F43057}.Debug|Any CPU.ActiveCfg = Debug|Win32
		{1532C322-A152-486B-8842-CA07F2F43057}.Debug|Mixed Platforms.ActiveCfg = Debug|Win32
		{1532C322-A152-486B-8842-CA07F2F43057}.Debug|Mixed Platforms.Build.0 = Debug|Win32
		{1532C322-A152-486B-8842-CA07F2F43057}.Debug|Win32.ActiveCfg = Debug|Win32
		{1532C322-A152-486B-8842-CA07F2F43057}.Debug|Win32.Build.0 = Debug|Win32
		{1532C322-A152-486B-8842-CA07F2F43057}.Debug|x86.ActiveCfg = Debug|Win32
		{1532C322-A152-486B-8842-CA07F2F43057}.Debug|x86.Build.0 = Debug|Win32
		{1532C322-A152-486B-8842-CA07F2F43057}.Release|Any CPU.ActiveCfg = Release|Win32
		{1532C322-A152-486B-8842-CA07F2F43057}.Release|Mixed Platforms.ActiveCfg = Release|Win32
		{1532C322-A152-486B-8842-CA07F2F43057}.Release|Mixed Platforms.Build.0 = Release|Win32
		{1532C322-A152-486B-8842-CA07F2F43057}.Release|Win32.ActiveCfg = Release|Win32
		{1532C322-A152-486B-8842-CA07F2F43057}.Release|Win32.Build.0 = Release|Win32
		{1532C322-A152-486B-8842-CA07F2F43057}.Release|x86.ActiveCfg = Release|Win32
		{1532C322-A152-486B-8842-CA07F2F43057}.Release|x86.Build.0 = Release|Win32
		{BB048720-5A78-470E-81BA-2DDA006B70B7}.Debug|Any CPU.ActiveCfg = Debug|Win32
		{BB048720-5A78-470E-81BA-2DDA006B70B7}.Debug|Mixed Platforms.ActiveCfg = Debug|Win32
		{BB048720-5A78-470E-81BA-2DDA006B70B7}.Debug|Mixed Platforms.Build.0 = Debug|Win32
		{BB048720-5A78-470E-81BA-2DDA006B70B7}.Debug|Win32.ActiveCfg = Debug|Win32
		{BB048720-5A78-470E-81BA-2DDA006B70B7}.Debug|Win32.Build.0 = Debug|Win32
		{BB048720-5A78-470E-81BA-2DDA006B70B7}.Debug|x86.ActiveCfg = Debug|Win32
		{BB048720-5A78-470E-81BA-2DDA006B70B7}.Debug|x86.Build.0 = Debug|Win32
		{BB048720-5A78-470E-81BA-2DDA006B70B7}.Release|Any CPU.ActiveCfg = Release|Win32
		{BB048720-5A78-470E-81BA-2DDA006B70B7}.Release|Mixed Platforms.ActiveCfg = Release|Win32
		{BB048720-5A78-470E-81BA-2DDA006B70B7}.Release|Mixed Platforms.Build.0 = Release|Win32
		{BB048720-5A78-470E-81BA-2DDA006B70B7}.Release|Win32.ActiveCfg = Release|Win32
		{BB048720-5A78-470E-81BA-2DDA006B70B7}.Release|Win32.Build.0 = Release|Win32
		{BB048720-5A78-470E-81BA-2DDA006B70B7}.Release|x86.ActiveCfg = Release|Win32
		{BB048720-5A78-470E-81BA-2DDA006B70B7}.Release|x86.Build.0 = Release|Win32
		{81B06B61-EFD6-439B-B883-292D384BFB0C}.Debug|Any CPU.ActiveCfg = Debug|Win32
		{81B06B61-EFD6-439B-B883-292D384BFB0C}.Debug|Mixed Platforms.ActiveCfg = Debug|Win32
		{81B06B61-EFD6-439B-B883-292D384BFB0C}.Debug|Mixed Platforms.Build.0 = Debug|Win32
		{81B06B61-EFD6-439B-B883-292D384BFB0C}.Debug|Win32.ActiveCfg = Debug|Win32
		{81B06B61-EFD6-439B-B883-292D384BFB0C}.Debug|Win32.Build.0 = Debug|Win32
		{81B06B61-EFD6-439B-B883-292D384BFB0C}.Debug|x86.ActiveCfg = Debug|Win32
		{81B06B61-EFD6-439B-B883-292D384BFB0C}.Debug|x86.Build.0 = Debug|Win32
		{81B06B61-EFD6-439B-B883-292D384BFB0C}.Release|Any CPU.ActiveCfg = Release|Win32
		{81B06B61-EFD6-439B-B883-292D384BFB0C}.Release|Mixed Platforms.ActiveCfg = Release|Win32
		{81B06B61-EFD6-439B-B883-292D384BFB0C}.Release|Mixed Platforms.Build.0 = Release|Win32
		{81B06B61-EFD6-439B-B883-292D384BFB0C}.Release|Win32.ActiveCfg = Release|Win32
		{81B06B61-EFD6-439B-B883-292D384BFB0C}.Release|Win32.Build.0 = Release|Win32
		{81B06B61-EFD6-439B-B883-292D384BFB0C}.Release|x86.ActiveCfg = Release|Win32
		{81B06B61-EFD6-439B-B883-292D384BFB0C}.Release|x86.Build.0 = Release|Win32
		{5D08B7A0-C279-4E1F-95F0-01ACC6F529B5}.Debug|Any CPU.ActiveCfg = Debug|Win32
		{5D08B7A0-C279-4E1F-95F0-01ACC6F529B5}.Debug|Mixed Platforms.ActiveCfg = Debug|Win32
		{5D08B7A0-C279-4E1F-95F0-01ACC6F529B5}.Debug|Mixed Platforms.Build.0 = Debug|Win32
		{5D08B7A0-C279-4E1F-95F0-01ACC6F529B5}.Debug|Win32.ActiveCfg = Debug|Win32
		{5D08B7A0-C279-4E1F-95F0-01ACC6F529B5}.Debug|Win32.Build.0 = Debug|Win32
		{5D08B7A0-C279-4E1F-95F0-01ACC6F529B5}.Debug|x86.ActiveCfg = Debug|Win32
		{5D08B7A0-C279-4E1F-95F0-01ACC6F529B5}.Debug|x86.Build.0 = Debug|Win32
		{5D08B7A0-C279-4E1F-95F0-01ACC6F529B5}.Release|Any CPU.ActiveCfg = Release|Win32
		{5D08B7A0-C279-4E1F-95F0-01ACC6F529B5}.Release|Mixed Platforms.ActiveCfg = Release|Win32
		{5D08B7A0-C279-4E1F-95F0-01ACC6F529B5}.Release|Mixed Platforms.Build.0 = Release|Win32
		{5D08B7A0-C279-4E1F-95F0-01ACC6F529B5}.Release|Win32.ActiveCfg = Release|Win32
		{5D08B7A0-C279-4E1F-95F0-01ACC6F529B5}.Release|Win32.Build.0 = Release|Win32
		{5D08B7A0-C279-4E1F-95F0-01ACC6F529B5}.Release|x86.ActiveCfg = Release|Win32
		{5D08B7A0-C279-4E1F-95F0-01ACC6F529B5}.Release|x86.Build.0 = Release|Win32
		{65134E58-8F1C-47E2-BA89-D03D32D7D1DF}.Debug|Any CPU.ActiveCfg = Debug|Win32
		{65134E58-8F1C-47E2-BA89-D03D32D7D1DF}.Debug|Mixed Platforms.ActiveCfg = Debug|Win32
		{65134E58-8F1C-47E2-BA89-D03D32D7D1DF}.Debug|Mixed Platforms.Build.0 = Debug|Win32
		{65134E58-8F1C-47E2-BA89-D03D32D7D1DF}.Debug|Win32.ActiveCfg = Debug|Win32
		{65134E58-8F1C-47E2-BA89-D03D32D7D1DF}.Debug|Win32.Build.0 = Debug|Win32
		{65134E58-8F1C-47E2-BA89-D03D32D7D1DF}.Debug|x86.ActiveCfg = Debug|Win32
		{65134E58-8F1C-47E2-BA89-D03D32D7D1DF}.Debug|x86.Build.0 = Debug|Win32
		{65134E58-8F1C-47E2-BA89-D03D32D7D1DF}.Release|Any CPU.ActiveCfg = Release|Win32
		{65134E58-8F1C-47E2-BA89-D03D32D7D1DF}.Release|Mixed Platforms.ActiveCfg = Release|Win32
		{65134E58-8F1C-47E2-BA89-D03D32D7D1DF}.Release|Mixed Platforms.Build.0 = Release|Win32
		{65134E58-8F1C-47E2-BA89-D03D32D7D1DF}.Release|Win32.ActiveCfg = Release|Win32
		{65134E58-8F1C-47E2-BA89-D03D32D7D1DF}.Release|Win32.Build.0 = Release|Win32
		{65134E58-8F1C-47E2-BA89-D03D32D7D1DF}.Release|x86.ActiveCfg = Release|Win32
		{65134E58-8F1C-47E2-BA89-D03D32D7D1DF}.Release|x86.Build.0 = Release|Win32
		{290F29FA-80BD-4CDC-ABDF-AE2377846D96}.Debug|Any CPU.ActiveCfg = Debug|x86
		{290F29FA-80BD-4CDC-ABDF-AE2377846D96}.Debug|Mixed Platforms.ActiveCfg = Debug|x86
		{290F29FA-80BD-4CDC-ABDF-AE2377846D96}.Debug|Mixed Platforms.Build.0 = Debug|x86
		{290F29FA-80BD-4CDC-ABDF-AE2377846D96}.Debug|Win32.ActiveCfg = Debug|x86
		{290F29FA-80BD-4CDC-ABDF-AE2377846D96}.Debug|Win32.Build.0 = Debug|x86
		{290F29FA-80BD-4CDC-ABDF-AE2377846D96}.Debug|x86.ActiveCfg = Debug|x86
		{290F29FA-80BD-4CDC-ABDF-AE2377846D96}.Debug|x86.Build.0 = Debug|x86
		{290F29FA-80BD-4CDC-ABDF-AE2377846D96}.Release|Any CPU.ActiveCfg = Release|x86
		{290F29FA-80BD-4CDC-ABDF-AE2377846D96}.Release|Mixed Platforms.ActiveCfg = Release|x86
		{290F29FA-80BD-4CDC-ABDF-AE2377846D96}.Release|Mixed Platforms.Build.0 = Release|x86
		{290F29FA-80BD-4CDC-ABDF-AE2377846D96}.Release|Win32.ActiveCfg = Release|x86
		{290F29FA-80BD-4CDC-ABDF-AE2377846D96}.Release|Win32.Build.0 = Release|x86
		{290F29FA-80BD-4CDC-ABDF-AE2377846D96}.Release|x86.ActiveCfg = Release|x86
		{290F29FA-80BD-4CDC-ABDF-AE2377846D96}.Release|x86.Build.0 = Release|x86
		{524A6284-7236-4900-8F86-2F237D7C4223}.Debug|Any CPU.ActiveCfg = Debug|Win32
		{524A6284-7236-4900-8F86-2F237D7C4223}.Debug|Mixed Platforms.ActiveCfg = Debug|Win32
		{524A6284-7236-4900-8F86-2F237D7C4223}.Debug|Mixed Platforms.Build.0 = Debug|Win32
		{524A6284-7236-4900-8F86-2F237D7C4223}.Debug|Win32.ActiveCfg = Debug|Win32
		{524A6284-7236-4900-8F86-2F237D7C4223}.Debug|Win32.Build.0 = Debug|Win32
		{524A6284-7236-4900-8F86-2F237D7C4223}.Debug|x86.ActiveCfg = Debug|Win32
		{524A6284-7236-4900-8F86-2F237D7C4223}.Debug|x86.Build.0 = Debug|Win32
		{524A6284-7236-4900-8F86-2F237D7C4223}.Release|Any CPU.ActiveCfg = Release|Win32
		{524A6284-7236-4900-8F86-2F237D7C4223}.Release|Mixed Platforms.ActiveCfg = Release|Win32
		{524A6284-7236-4900-8F86-2F237D7C4223}.Release|Mixed Platforms.Build.0 = Release|Win32
		{524A6284-7236-4900-8F86-2F237D7C4223}.Release|Win32.ActiveCfg = Release|Win32
		{524A6284-7236-4900-8F86-2F237D7C4223}.Release|Win32.Build.0 = Release|Win32
		{524A6284-7236-4900-8F86-2F237D7C4223}.Release|x86.ActiveCfg = Release|Win32
		{524A6284-7236-4900-8F86-2F237D7C4223}.Release|x86.Build.0 = Release|Win32
		{F37DEB21-494B-42DE-BC62-686E8994F93D}.Debug|Any CPU.ActiveCfg = Debug|Win32
		{F37DEB21-494B-42DE-BC62-686E8994F93D}.Debug|Mixed Platforms.ActiveCfg = Debug|Win32
		{F37DEB21-494B-42DE-BC62-686E8994F93D}.Debug|Mixed Platforms.Build.0 = Debug|Win32
		{F37DEB21-494B-42DE-BC62-686E8994F93D}.Debug|Win32.ActiveCfg = Debug|Win32
		{F37DEB21-494B-42DE-BC62-686E8994F93D}.Debug|Win32.Build.0 = Debug|Win32
		{F37DEB21-494B-42DE-BC62-686E8994F93D}.Debug|x86.ActiveCfg = Debug|Win32
		{F37DEB21-494B-42DE-BC62-686E8994F93D}.Debug|x86.Build.0 = Debug|Win32
		{F37DEB21-494B-42DE-BC62-686E8994F93D}.Release|Any CPU.ActiveCfg = Release|Win32
		{F37DEB21-494B-42DE-BC62-686E8994F93D}.Release|Mixed Platforms.ActiveCfg = Release|Win32
		{F37DEB21-494B-42DE-BC62-686E8994F93D}.Release|Mixed Platforms.Build.0 = Release|Win32
		{F37DEB21-494B-42DE-BC62-686E8994F93D}.Release|Win32.ActiveCfg = Release|Win32
		{F37DEB21-494B-42DE-BC62-686E8994F93D}.Release|Win32.Build.0 = Release|Win32
		{F37DEB21-494B-42DE-BC62-686E8994F93D}.Release|x86.ActiveCfg = Release|Win32
		{F37DEB21-494B-42DE-BC62-686E8994F93D}.Release|x86.Build.0 = Release|Win32
		{B1305F1F-1D19-46E1-8102-D5CE360E6DF0}.Debug|Any CPU.ActiveCfg = Debug|Win32
		{B1305F1F-1D19-46E1-8102-D5CE360E6DF0}.Debug|Mixed Platforms.ActiveCfg = Debug|Win32
		{B1305F1F-1D19-46E1-8102-D5CE360E6DF0}.Debug|Mixed Platforms.Build.0 = Debug|Win32
		{B1305F1F-1D19-46E1-8102-D5CE360E6DF0}.Debug|Win32.ActiveCfg = Debug|Win32
		{B1305F1F-1D19-46E1-8102-D5CE360E6DF0}.Debug|Win32.Build.0 = Debug|Win32
		{B1305F1F-1D19-46E1-8102-D5CE360E6DF0}.Debug|x86.ActiveCfg = Debug|Win32
		{B1305F1F-1D19-46E1-8102-D5CE360E6DF0}.Debug|x86.Build.0 = Debug|Win32
		{B1305F1F-1D19-46E1-8102-D5CE360E6DF0}.Release|Any CPU.ActiveCfg = Release|Win32
		{B1305F1F-1D19-46E1-8102-D5CE360E6DF0}.Release|Mixed Platforms.ActiveCfg = Release|Win32
		{B1305F1F-1D19-46E1-8102-D5CE360E6DF0}.Release|Mixed Platforms.Build.0 = Release|Win32
		{B1305F1F-1D19-46E1-8102-D5CE360E6DF0}.Release|Win32.ActiveCfg = Release|Win32
		{B1305F1F-1D19-46E1-8102-D5CE360E6DF0}.Release|Win32.Build.0 = Release|Win32
		{B1305F1F-1D19-46E1-8102-D5CE360E6DF0}.Release|x86.ActiveCfg = Release|Win32
		{B1305F1F-1D19-46E1-8102-D5CE360E6DF0}.Release|x86.Build.0 = Release|Win32
		{8A6B99C0-EACA-4D0F-B41C-25BBEB5CC01D}.Debug|Any CPU.ActiveCfg = Debug|Win32
		{8A6B99C0-EACA-4D0F-B41C-25BBEB5CC01D}.Debug|Mixed Platforms.ActiveCfg = Debug|Win32
		{8A6B99C0-EACA-4D0F-B41C-25BBEB5CC01D}.Debug|Mixed Platforms.Build.0 = Debug|Win32
		{8A6B99C0-EACA-4D0F-B41C-25BBEB5CC01D}.Debug|Win32.ActiveCfg = Debug|Win32
		{8A6B99C0-EACA-4D0F-B41C-25BBEB5CC01D}.Debug|Win32.Build.0 = Debug|Win32
		{8A6B99C0-EACA-4D0F-B41C-25BBEB5CC01D}.Debug|x86.ActiveCfg = Debug|Win32
		{8A6B99C0-EACA-4D0F-B41C-25BBEB5CC01D}.Debug|x86.Build.0 = Debug|Win32
		{8A6B99C0-EACA-4D0F-B41C-25BBEB5CC01D}.Release|Any CPU.ActiveCfg = Release|Win32
		{8A6B99C0-EACA-4D0F-B41C-25BBEB5CC01D}.Release|Mixed Platforms.ActiveCfg = Release|Win32
		{8A6B99C0-EACA-4D0F-B41C-25BBEB5CC01D}.Release|Mixed Platforms.Build.0 = Release|Win32
		{8A6B99C0-EACA-4D0F-B41C-25BBEB5CC01D}.Release|Win32.ActiveCfg = Release|Win32
		{8A6B99C0-EACA-4D0F-B41C-25BBEB5CC01D}.Release|Win32.Build.0 = Release|Win32
		{8A6B99C0-EACA-4D0F-B41C-25BBEB5CC01D}.Release|x86.ActiveCfg = Release|Win32
		{8A6B99C0-EACA-4D0F-B41C-25BBEB5CC01D}.Release|x86.Build.0 = Release|Win32
		{A1A1710C-C9AD-4749-B24F-EA44752415E1}.Debug|Any CPU.ActiveCfg = Debug|Win32
		{A1A1710C-C9AD-4749-B24F-EA44752415E1}.Debug|Mixed Platforms.ActiveCfg = Debug|Win32
		{A1A1710C-C9AD-4749-B24F-EA44752415E1}.Debug|Mixed Platforms.Build.0 = Debug|Win32
		{A1A1710C-C9AD-4749-B24F-EA44752415E1}.Debug|Win32.ActiveCfg = Debug|Win32
		{A1A1710C-C9AD-4749-B24F-EA44752415E1}.Debug|Win32.Build.0 = Debug|Win32
		{A1A1710C-C9AD-4749-B24F-EA44752415E1}.Debug|x86.ActiveCfg = Debug|Win32
		{A1A1710C-C9AD-4749-B24F-EA44752415E1}.Debug|x86.Build.0 = Debug|Win32
		{A1A1710C-C9AD-4749-B24F-EA44752415E1}.Release|Any CPU.ActiveCfg = Release|Win32
		{A1A1710C-C9AD-4749-B24F-EA44752415E1}.Release|Mixed Platforms.ActiveCfg = Release|Win32
		{A1A1710C-C9AD-4749-B24F-EA44752415E1}.Release|Mixed Platforms.Build.0 = Release|Win32
		{A1A1710C-C9AD-4749-B24F-EA44752415E1}.Release|Win32.ActiveCfg = Release|Win32
		{A1A1710C-C9AD-4749-B24F-EA44752415E1}.Release|Win32.Build.0 = Release|Win32
		{A1A1710C-C9AD-4749-B24F-EA44752415E1}.Release|x86.ActiveCfg = Release|Win32
		{A1A1710C-C9AD-4749-B24F-EA44752415E1}.Release|x86.Build.0 = Release|Win32
		{C2512081-D747-4A87-9CF7-46015FE0F546}.Debug|Any CPU.ActiveCfg = Debug|Win32
		{C2512081-D747-4A87-9CF7-46015FE0F546}.Debug|Mixed Platforms.ActiveCfg = Debug|Win32
		{C2512081-D747-4A87-9CF7-46015FE0F546}.Debug|Mixed Platforms.Build.0 = Debug|Win32
		{C2512081-D747-4A87-9CF7-46015FE0F546}.Debug|Win32.ActiveCfg = Debug|Win32
		{C2512081-D747-4A87-9CF7-46015FE0F546}.Debug|Win32.Build.0 = Debug|Win32
		{C2512081-D747-4A87-9CF7-46015FE0F546}.Debug|x86.ActiveCfg = Debug|Win32
		{C2512081-D747-4A87-9CF7-46015FE0F546}.Debug|x86.Build.0 = Debug|Win32
		{C2512081-D747-4A87-9CF7-46015FE0F546}.Release|Any CPU.ActiveCfg = Release|Win32
		{C2512081-D747-4A87-9CF7-46015FE0F546}.Release|Mixed Platforms.ActiveCfg = Release|Win32
		{C2512081-D747-4A87-9CF7-46015FE0F546}.Release|Mixed Platforms.Build.0 = Release|Win32
		{C2512081-D747-4A87-9CF7-46015FE0F546}.Release|Win32.ActiveCfg = Release|Win32
		{C2512081-D747-4A87-9CF7-46015FE0F546}.Release|Win32.Build.0 = Release|Win32
		{C2512081-D747-4A87-9CF7-46015FE0F546}.Release|x86.ActiveCfg = Release|Win32
		{C2512081-D747-4A87-9CF7-46015FE0F546}.Release|x86.Build.0 = Release|Win32
		{8DF681E3-BF1B-4018-B851-56E3A84F4290}.Debug|Any CPU.ActiveCfg = Debug|Win32
		{8DF681E3-BF1B-4018-B851-56E3A84F4290}.Debug|Mixed Platforms.ActiveCfg = Debug|Win32
		{8DF681E3-BF1B-4018-B851-56E3A84F4290}.Debug|Mixed Platforms.Build.0 = Debug|Win32
		{8DF681E3-BF1B-4018-B851-56E3A84F4290}.Debug|Win32.ActiveCfg = Debug|Win32
		{8DF681E3-BF1B-4018-B851-56E3A84F4290}.Debug|Win32.Build.0 = Debug|Win32
		{8DF681E3-BF1B-4018-B851-56E3A84F4290}.Debug|x86.ActiveCfg = Debug|Win32
		{8DF681E3-BF1B-4018-B851-56E3A84F4290}.Debug|x86.Build.0 = Debug|Win32
		{8DF681E3-BF1B-4018-B851-56E3A84F4290}.Release|Any CPU.ActiveCfg = Release|Win32
		{8DF681E3-BF1B-4018-B851-56E3A84F4290}.Release|Mixed Platforms.ActiveCfg = Release|Win32
		{8DF681E3-BF1B-4018-B851-56E3A84F4290}.Release|Mixed Platforms.Build.0 = Release|Win32
		{8DF681E3-BF1B-4018-B851-56E3A84F4290}.Release|Win32.ActiveCfg = Release|Win32
		{8DF681E3-BF1B-4018-B851-56E3A84F4290}.Release|Win32.Build.0 = Release|Win32
		{8DF681E3-BF1B-4018-B851-56E3A84F4290}.Release|x86.ActiveCfg = Release|Win32
		{8DF681E3-BF1B-4018-B851-56E3A84F4290}.Release|x86.Build.0 = Release|Win32
		{71035780-E59F-4532-B1EC-154DC43F5A64}.Debug|Any CPU.ActiveCfg = Debug|Win32
		{71035780-E59F-4532-B1EC-154DC43F5A64}.Debug|Mixed Platforms.ActiveCfg = Debug|Win32
		{71035780-E59F-4532-B1EC-154DC43F5A64}.Debug|Mixed Platforms.Build.0 = Debug|Win32
		{71035780-E59F-4532-B1EC-154DC43F5A64}.Debug|Win32.ActiveCfg = Debug|Win32
		{71035780-E59F-4532-B1EC-154DC43F5A64}.Debug|Win32.Build.0 = Debug|Win32
		{71035780-E59F-4532-B1EC-154DC43F5A64}.Debug|x86.ActiveCfg = Debug|Win32
		{71035780-E59F-4532-B1EC-154DC43F5A64}.Debug|x86.Build.0 = Debug|Win32
		{71035780-E59F-4532-B1EC-154DC43F5A64}.Release|Any CPU.ActiveCfg = Release|Win32
		{71035780-E59F-4532-B1EC-154DC43F5A64}.Release|Mixed Platforms.ActiveCfg = Release|Win32
		{71035780-E59F-4532-B1EC-154DC43F5A64}.Release|Mixed Platforms.Build.0 = Release|Win32
		{71035780-E59F-4532-B1EC-154DC43F5A64}.Release|Win32.ActiveCfg = Release|Win32
		{71035780-E59F-4532-B1EC-154DC43F5A64}.Release|Win32.Build.0 = Release|Win32
		{71035780-E59F-4532-B1EC-154DC43F5A64}.Release|x86.ActiveCfg = Release|Win32
		{71035780-E59F-4532-B1EC-154DC43F5A64}.Release|x86.Build.0 = Release|Win32
		{4B864BE1-739C-4B35-9217-AB515F54E6DD}.Debug|Any CPU.ActiveCfg = Debug|x86
		{4B864BE1-739C-4B35-9217-AB515F54E6DD}.Debug|Mixed Platforms.ActiveCfg = Debug|x86
		{4B864BE1-739C-4B35-9217-AB515F54E6DD}.Debug|Mixed Platforms.Build.0 = Debug|x86
		{4B864BE1-739C-4B35-9217-AB515F54E6DD}.Debug|Win32.ActiveCfg = Debug|x86
		{4B864BE1-739C-4B35-9217-AB515F54E6DD}.Debug|Win32.Build.0 = Debug|x86
		{4B864BE1-739C-4B35-9217-AB515F54E6DD}.Debug|x86.ActiveCfg = Debug|x86
		{4B864BE1-739C-4B35-9217-AB515F54E6DD}.Debug|x86.Build.0 = Debug|x86
		{4B864BE1-739C-4B35-9217-AB515F54E6DD}.Release|Any CPU.ActiveCfg = Release|x86
		{4B864BE1-739C-4B35-9217-AB515F54E6DD}.Release|Mixed Platforms.ActiveCfg = Release|x86
		{4B864BE1-739C-4B35-9217-AB515F54E6DD}.Release|Mixed Platforms.Build.0 = Release|x86
		{4B864BE1-739C-4B35-9217-AB515F54E6DD}.Release|Win32.ActiveCfg = Release|x86
		{4B864BE1-739C-4B35-9217-AB515F54E6DD}.Release|Win32.Build.0 = Release|x86
		{4B864BE1-739C-4B35-9217-AB515F54E6DD}.Release|x86.ActiveCfg = Release|x86
		{4B864BE1-739C-4B35-9217-AB515F54E6DD}.Release|x86.Build.0 = Release|x86
		{01F64C01-42DC-4010-BA27-889772847246}.Debug|Any CPU.ActiveCfg = Debug|Win32
		{01F64C01-42DC-4010-BA27-889772847246}.Debug|Mixed Platforms.ActiveCfg = Debug|Win32
		{01F64C01-42DC-4010-BA27-889772847246}.Debug|Mixed Platforms.Build.0 = Debug|Win32
		{01F64C01-42DC-4010-BA27-889772847246}.Debug|Win32.ActiveCfg = Debug|Win32
		{01F64C01-42DC-4010-BA27-889772847246}.Debug|Win32.Build.0 = Debug|Win32
		{01F64C01-42DC-4010-BA27-889772847246}.Debug|x86.ActiveCfg = Debug|Win32
		{01F64C01-42DC-4010-BA27-889772847246}.Debug|x86.Build.0 = Debug|Win32
		{01F64C01-42DC-4010-BA27-889772847246}.Release|Any CPU.ActiveCfg = Release|Win32
		{01F64C01-42DC-4010-BA27-889772847246}.Release|Mixed Platforms.ActiveCfg = Release|Win32
		{01F64C01-42DC-4010-BA27-889772847246}.Release|Mixed Platforms.Build.0 = Release|Win32
		{01F64C01-42DC-4010-BA27-889772847246}.Release|Win32.ActiveCfg = Release|Win32
		{01F64C01-42DC-4010-BA27-889772847246}.Release|Win32.Build.0 = Release|Win32
		{01F64C01-42DC-4010-BA27-889772847246}.Release|x86.ActiveCfg = Release|Win32
		{01F64C01-42DC-4010-BA27-889772847246}.Release|x86.Build.0 = Release|Win32
		{01F65C01-42DC-4010-BA27-889772847246}.Debug|Any CPU.ActiveCfg = Debug|Win32
		{01F65C01-42DC-4010-BA27-889772847246}.Debug|Mixed Platforms.ActiveCfg = Debug|Win32
		{01F65C01-42DC-4010-BA27-889772847246}.Debug|Mixed Platforms.Build.0 = Debug|Win32
		{01F65C01-42DC-4010-BA27-889772847246}.Debug|Win32.ActiveCfg = Debug|Win32
		{01F65C01-42DC-4010-BA27-889772847246}.Debug|Win32.Build.0 = Debug|Win32
		{01F65C01-42DC-4010-BA27-889772847246}.Debug|x86.ActiveCfg = Debug|Win32
		{01F65C01-42DC-4010-BA27-889772847246}.Debug|x86.Build.0 = Debug|Win32
		{01F65C01-42DC-4010-BA27-889772847246}.Release|Any CPU.ActiveCfg = Release|Win32
		{01F65C01-42DC-4010-BA27-889772847246}.Release|Mixed Platforms.ActiveCfg = Release|Win32
		{01F65C01-42DC-4010-BA27-889772847246}.Release|Mixed Platforms.Build.0 = Release|Win32
		{01F65C01-42DC-4010-BA27-889772847246}.Release|Win32.ActiveCfg = Release|Win32
		{01F65C01-42DC-4010-BA27-889772847246}.Release|Win32.Build.0 = Release|Win32
		{01F65C01-42DC-4010-BA27-889772847246}.Release|x86.ActiveCfg = Release|Win32
		{01F65C01-42DC-4010-BA27-889772847246}.Release|x86.Build.0 = Release|Win32
		{1EEF29BA-4A96-41C7-AEA0-D99835C2503A}.Debug|Any CPU.ActiveCfg = Debug|Win32
		{1EEF29BA-4A96-41C7-AEA0-D99835C2503A}.Debug|Mixed Platforms.ActiveCfg = Debug|Win32
		{1EEF29BA-4A96-41C7-AEA0-D99835C2503A}.Debug|Mixed Platforms.Build.0 = Debug|Win32
		{1EEF29BA-4A96-41C7-AEA0-D99835C2503A}.Debug|Win32.ActiveCfg = Debug|Win32
		{1EEF29BA-4A96-41C7-AEA0-D99835C2503A}.Debug|Win32.Build.0 = Debug|Win32
		{1EEF29BA-4A96-41C7-AEA0-D99835C2503A}.Debug|x86.ActiveCfg = Debug|Win32
		{1EEF29BA-4A96-41C7-AEA0-D99835C2503A}.Debug|x86.Build.0 = Debug|Win32
		{1EEF29BA-4A96-41C7-AEA0-D99835C2503A}.Release|Any CPU.ActiveCfg = Release|Win32
		{1EEF29BA-4A96-41C7-AEA0-D99835C2503A}.Release|Mixed Platforms.ActiveCfg = Release|Win32
		{1EEF29BA-4A96-41C7-AEA0-D99835C2503A}.Release|Mixed Platforms.Build.0 = Release|Win32
		{1EEF29BA-4A96-41C7-AEA0-D99835C2503A}.Release|Win32.ActiveCfg = Release|Win32
		{1EEF29BA-4A96-41C7-AEA0-D99835C2503A}.Release|Win32.Build.0 = Release|Win32
		{1EEF29BA-4A96-41C7-AEA0-D99835C2503A}.Release|x86.ActiveCfg = Release|Win32
		{1EEF29BA-4A96-41C7-AEA0-D99835C2503A}.Release|x86.Build.0 = Release|Win32
		{DF5FBA12-5E2B-4B2F-8BD5-19A6EDB0DA57}.Debug|Any CPU.ActiveCfg = Debug|Any CPU
		{DF5FBA12-5E2B-4B2F-8BD5-19A6EDB0DA57}.Debug|Any CPU.Build.0 = Debug|Any CPU
		{DF5FBA12-5E2B-4B2F-8BD5-19A6EDB0DA57}.Debug|Mixed Platforms.ActiveCfg = Debug|x86
		{DF5FBA12-5E2B-4B2F-8BD5-19A6EDB0DA57}.Debug|Mixed Platforms.Build.0 = Debug|x86
		{DF5FBA12-5E2B-4B2F-8BD5-19A6EDB0DA57}.Debug|Win32.ActiveCfg = Debug|x86
		{DF5FBA12-5E2B-4B2F-8BD5-19A6EDB0DA57}.Debug|Win32.Build.0 = Debug|x86
		{DF5FBA12-5E2B-4B2F-8BD5-19A6EDB0DA57}.Debug|x86.ActiveCfg = Debug|x86
		{DF5FBA12-5E2B-4B2F-8BD5-19A6EDB0DA57}.Debug|x86.Build.0 = Debug|x86
		{DF5FBA12-5E2B-4B2F-8BD5-19A6EDB0DA57}.Release|Any CPU.ActiveCfg = Release|Any CPU
		{DF5FBA12-5E2B-4B2F-8BD5-19A6EDB0DA57}.Release|Any CPU.Build.0 = Release|Any CPU
		{DF5FBA12-5E2B-4B2F-8BD5-19A6EDB0DA57}.Release|Mixed Platforms.ActiveCfg = Release|x86
		{DF5FBA12-5E2B-4B2F-8BD5-19A6EDB0DA57}.Release|Mixed Platforms.Build.0 = Release|x86
		{DF5FBA12-5E2B-4B2F-8BD5-19A6EDB0DA57}.Release|Win32.ActiveCfg = Release|x86
		{DF5FBA12-5E2B-4B2F-8BD5-19A6EDB0DA57}.Release|Win32.Build.0 = Release|x86
		{DF5FBA12-5E2B-4B2F-8BD5-19A6EDB0DA57}.Release|x86.ActiveCfg = Release|x86
		{DF5FBA12-5E2B-4B2F-8BD5-19A6EDB0DA57}.Release|x86.Build.0 = Release|x86
	EndGlobalSection
	GlobalSection(SolutionProperties) = preSolution
		HideSolutionNode = FALSE
	EndGlobalSection
	GlobalSection(NestedProjects) = preSolution
		{E53A840F-3EF4-44E5-B796-4711B709FAE8} = {81D99702-3203-4200-8F07-A04795AC1B45}
		{1C860AC0-083C-47CE-B70E-A1913937EF2B} = {A597B868-E677-4341-8479-120897243DCD}
		{98C1629C-CB94-4039-BAB1-324F19E2BFD0} = {A597B868-E677-4341-8479-120897243DCD}
		{19F876A6-F419-4DFC-A88F-BF80ED9DF16C} = {A597B868-E677-4341-8479-120897243DCD}
		{1532C322-A152-486B-8842-CA07F2F43057} = {A597B868-E677-4341-8479-120897243DCD}
		{BB048720-5A78-470E-81BA-2DDA006B70B7} = {A597B868-E677-4341-8479-120897243DCD}
		{81B06B61-EFD6-439B-B883-292D384BFB0C} = {A597B868-E677-4341-8479-120897243DCD}
		{5D08B7A0-C279-4E1F-95F0-01ACC6F529B5} = {A597B868-E677-4341-8479-120897243DCD}
		{F37DEB21-494B-42DE-BC62-686E8994F93D} = {A597B868-E677-4341-8479-120897243DCD}
		{B1305F1F-1D19-46E1-8102-D5CE360E6DF0} = {A597B868-E677-4341-8479-120897243DCD}
		{8A6B99C0-EACA-4D0F-B41C-25BBEB5CC01D} = {A597B868-E677-4341-8479-120897243DCD}
		{A1A1710C-C9AD-4749-B24F-EA44752415E1} = {A597B868-E677-4341-8479-120897243DCD}
		{C2512081-D747-4A87-9CF7-46015FE0F546} = {A597B868-E677-4341-8479-120897243DCD}
		{8DF681E3-BF1B-4018-B851-56E3A84F4290} = {A597B868-E677-4341-8479-120897243DCD}
		{71035780-E59F-4532-B1EC-154DC43F5A64} = {A597B868-E677-4341-8479-120897243DCD}
		{E0A3DAE3-401C-4AAA-8E1A-ECE5C0AAF712} = {FB89E883-5E72-40F6-8646-7A65656FAF0B}
		{D42E5F50-C485-4E9E-8801-A724C686C7D1} = {FB89E883-5E72-40F6-8646-7A65656FAF0B}
		{CE75A4BE-D5AD-4211-9F76-88FEB6C2A132} = {FB89E883-5E72-40F6-8646-7A65656FAF0B}
		{1CC881A4-292B-42E5-980A-00FDE6B6EDDD} = {FB89E883-5E72-40F6-8646-7A65656FAF0B}
		{3429DE0F-24FC-4D2C-9249-B4F803928609} = {91E95175-1D1D-4002-A1E0-E1C6E3D916E6}
		{CF1B5429-5B2E-42C9-A620-D86A3FF342C6} = {91E95175-1D1D-4002-A1E0-E1C6E3D916E6}
		{7CC06A04-6210-4632-A760-4EBAAB3474D4} = {91E95175-1D1D-4002-A1E0-E1C6E3D916E6}
		{92B53991-17CE-4D48-A7ED-B483C9D925E7} = {D5D697B8-A26A-4F0F-8AF4-A26942DFCF49}
		{8E4ACF5F-8939-4493-AE2D-AD87371719AC} = {D5D697B8-A26A-4F0F-8AF4-A26942DFCF49}
		{290F29FA-80BD-4CDC-ABDF-AE2377846D96} = {92B53991-17CE-4D48-A7ED-B483C9D925E7}
		{524A6284-7236-4900-8F86-2F237D7C4223} = {92B53991-17CE-4D48-A7ED-B483C9D925E7}
		{4B864BE1-739C-4B35-9217-AB515F54E6DD} = {8E4ACF5F-8939-4493-AE2D-AD87371719AC}
		{01F64C01-42DC-4010-BA27-889772847246} = {8E4ACF5F-8939-4493-AE2D-AD87371719AC}
		{01F65C01-42DC-4010-BA27-889772847246} = {8E4ACF5F-8939-4493-AE2D-AD87371719AC}
		{1EEF29BA-4A96-41C7-AEA0-D99835C2503A} = {8E4ACF5F-8939-4493-AE2D-AD87371719AC}
		{DF5FBA12-5E2B-4B2F-8BD5-19A6EDB0DA57} = {8E4ACF5F-8939-4493-AE2D-AD87371719AC}
	EndGlobalSection
EndGlobal
