<?xml version="1.0" encoding="utf-8"?>
<Project ToolsVersion="4.0" xmlns="http://schemas.microsoft.com/developer/msbuild/2003">
  <ItemGroup>
    <Filter Include="Source Files">
      <UniqueIdentifier>{4FC737F1-C7A5-4376-A066-2A32D752A2FF}</UniqueIdentifier>
      <Extensions>cpp;c;cc;cxx;def;odl;idl;hpj;bat;asm;asmx</Extensions>
    </Filter>
    <Filter Include="Header Files">
      <UniqueIdentifier>{93995380-89BD-4b04-88EB-625FBE52EBFB}</UniqueIdentifier>
      <Extensions>h;hpp;hxx;hm;inl;inc;xsd</Extensions>
    </Filter>
    <Filter Include="Resource Files">
      <UniqueIdentifier>{67DA6AB6-F800-4c08-8B7A-83BB121AAD01}</UniqueIdentifier>
      <Extensions>rc;ico;cur;bmp;dlg;rc2;rct;bin;rgs;gif;jpg;jpeg;jpe;resx;tiff;tif;png;wav;mfcribbon-ms</Extensions>
    </Filter>
    <Filter Include="Generated">
      <UniqueIdentifier>{eca90321-0c37-4d8d-b925-5d7baaa99637}</UniqueIdentifier>
    </Filter>
    <Filter Include="Resources">
      <UniqueIdentifier>{bf8112de-e663-4a41-8d7b-0b177806a8e7}</UniqueIdentifier>
    </Filter>
    <Filter Include="Resources\MCPP">
      <UniqueIdentifier>{b36231b4-b66e-4dcb-bed2-ca6941be66f8}</UniqueIdentifier>
    </Filter>
    <Filter Include="Generated\MCCP">
      <UniqueIdentifier>{ddc1a366-f34d-4037-8608-6cc8ffebb812}</UniqueIdentifier>
    </Filter>
  </ItemGroup>
  <ItemGroup>
    <ClInclude Include="resource.h">
      <Filter>Header Files</Filter>
    </ClInclude>
    <ClInclude Include="..\embedded_rpc_resources\CRC.h">
      <Filter>Resources</Filter>
    </ClInclude>
    <ClInclude Include="..\embedded_rpc_resources\PacketCommunicationConfig.h">
      <Filter>Resources</Filter>
    </ClInclude>
    <ClInclude Include="..\embedded_rpc_resources\PacketCommunicationDefines.h">
      <Filter>Resources</Filter>
    </ClInclude>
    <ClInclude Include="..\embedded_rpc_resources\MCPP\PacketCommunication.hpp">
      <Filter>Resources\MCPP</Filter>
    </ClInclude>
    <ClInclude Include="..\embedded_rpc_resources\MCPP\PacketCommunicationReport.hpp">
      <Filter>Resources\MCPP</Filter>
    </ClInclude>
    <ClInclude Include="..\embedded_rpc_resources\MCPP\PacketCommunicationSLIP.hpp">
      <Filter>Resources\MCPP</Filter>
    </ClInclude>
    <ClInclude Include="..\embedded_rpc_resources\MCPP\PCString.hpp">
      <Filter>Resources\MCPP</Filter>
    </ClInclude>
    <ClInclude Include="..\embedded_rpc_resources\MCPP\PCStringVar.hpp">
      <Filter>Resources\MCPP</Filter>
    </ClInclude>
    <ClInclude Include="Generated\MCPP\BarProxy.hpp">
      <Filter>Generated\MCCP</Filter>
    </ClInclude>
    <ClInclude Include="Generated\MCPP\BarSkeleton.hpp">
      <Filter>Generated\MCCP</Filter>
    </ClInclude>
    <ClInclude Include="Generated\MCPP\FooProxy.hpp">
      <Filter>Generated\MCCP</Filter>
    </ClInclude>
    <ClInclude Include="Generated\MCPP\FooSkeleton.hpp">
      <Filter>Generated\MCCP</Filter>
    </ClInclude>
    <ClInclude Include="Generated\MCPP\IBar.hpp">
      <Filter>Generated\MCCP</Filter>
    </ClInclude>
    <ClInclude Include="Generated\MCPP\IFoo.hpp">
      <Filter>Generated\MCCP</Filter>
    </ClInclude>
    <ClInclude Include="Generated\MCPP\IPWM.hpp">
      <Filter>Generated\MCCP</Filter>
    </ClInclude>
    <ClInclude Include="Generated\MCPP\IPWMEvents.hpp">
      <Filter>Generated\MCCP</Filter>
    </ClInclude>
    <ClInclude Include="Generated\MCPP\KeyId.hpp">
      <Filter>Generated\MCCP</Filter>
    </ClInclude>
    <ClInclude Include="Generated\MCPP\Keys.hpp">
      <Filter>Generated\MCCP</Filter>
    </ClInclude>
    <ClInclude Include="Generated\MCPP\PWMEventsProxy.hpp">
      <Filter>Generated\MCCP</Filter>
    </ClInclude>
    <ClInclude Include="Generated\MCPP\PWMEventsSkeleton.hpp">
      <Filter>Generated\MCCP</Filter>
    </ClInclude>
    <ClInclude Include="Generated\MCPP\PWMProxy.hpp">
      <Filter>Generated\MCCP</Filter>
    </ClInclude>
    <ClInclude Include="Generated\MCPP\PWMSkeleton.hpp">
      <Filter>Generated\MCCP</Filter>
    </ClInclude>
    <ClInclude Include="Generated\MCPP\RCArray.hpp">
      <Filter>Generated\MCCP</Filter>
    </ClInclude>
    <ClInclude Include="Generated\MCPP\Scope.hpp">
      <Filter>Generated\MCCP</Filter>
    </ClInclude>
  </ItemGroup>
  <ItemGroup>
    <ClCompile Include="AssemblyInfo.cpp">
      <Filter>Source Files</Filter>
    </ClCompile>
    <ClCompile Include="..\embedded_rpc_resources\CRC.c">
      <Filter>Resources</Filter>
    </ClCompile>
    <ClCompile Include="..\embedded_rpc_resources\MCPP\PacketCommunication.cpp">
      <Filter>Resources\MCPP</Filter>
    </ClCompile>
    <ClCompile Include="..\embedded_rpc_resources\MCPP\PacketCommunicationReport.cpp">
      <Filter>Resources\MCPP</Filter>
    </ClCompile>
    <ClCompile Include="..\embedded_rpc_resources\MCPP\PacketCommunicationSLIP.cpp">
      <Filter>Resources\MCPP</Filter>
    </ClCompile>
    <ClCompile Include="..\embedded_rpc_resources\MCPP\PCString.cpp">
      <Filter>Resources\MCPP</Filter>
    </ClCompile>
    <ClCompile Include="..\embedded_rpc_resources\MCPP\PCStringVar.cpp">
      <Filter>Resources\MCPP</Filter>
    </ClCompile>
    <ClCompile Include="Generated\MCPP\BarProxy.cpp">
      <Filter>Generated\MCCP</Filter>
    </ClCompile>
    <ClCompile Include="Generated\MCPP\BarSkeleton.cpp">
      <Filter>Generated\MCCP</Filter>
    </ClCompile>
    <ClCompile Include="Generated\MCPP\FooProxy.cpp">
      <Filter>Generated\MCCP</Filter>
    </ClCompile>
    <ClCompile Include="Generated\MCPP\FooSkeleton.cpp">
      <Filter>Generated\MCCP</Filter>
    </ClCompile>
    <ClCompile Include="Generated\MCPP\KeyId.cpp">
      <Filter>Generated\MCCP</Filter>
    </ClCompile>
    <ClCompile Include="Generated\MCPP\Keys.cpp">
      <Filter>Generated\MCCP</Filter>
    </ClCompile>
    <ClCompile Include="Generated\MCPP\PWMEventsProxy.cpp">
      <Filter>Generated\MCCP</Filter>
    </ClCompile>
    <ClCompile Include="Generated\MCPP\PWMEventsSkeleton.cpp">
      <Filter>Generated\MCCP</Filter>
    </ClCompile>
    <ClCompile Include="Generated\MCPP\PWMProxy.cpp">
      <Filter>Generated\MCCP</Filter>
    </ClCompile>
    <ClCompile Include="Generated\MCPP\PWMSkeleton.cpp">
      <Filter>Generated\MCCP</Filter>
    </ClCompile>
    <ClCompile Include="Generated\MCPP\RCArray.cpp">
      <Filter>Generated\MCCP</Filter>
    </ClCompile>
  </ItemGroup>
  <ItemGroup>
    <None Include="app.ico">
      <Filter>Resource Files</Filter>
    </None>
    <None Include="interface.int" />
  </ItemGroup>
  <ItemGroup>
    <ResourceCompile Include="app.rc">
      <Filter>Resource Files</Filter>
    </ResourceCompile>
  </ItemGroup>
</Project>