<?xml version="1.0" encoding="utf-8"?>
<Project ToolsVersion="4.0" xmlns="http://schemas.microsoft.com/developer/msbuild/2003">
  <ItemGroup>
    <Filter Include="Source Files">
      <UniqueIdentifier>{4FC737F1-C7A5-4376-A066-2A32D752A2FF}</UniqueIdentifier>
      <Extensions>cpp;c;cc;cxx;def;odl;idl;hpj;bat;asm;asmx</Extensions>
    </Filter>
    <Filter Include="Header Files">
      <UniqueIdentifier>{93995380-89BD-4b04-88EB-625FBE52EBFB}</UniqueIdentifier>
      <Extensions>h;hpp;hxx;hm;inl;inc;xsd</Extensions>
    </Filter>
    <Filter Include="Resource Files">
      <UniqueIdentifier>{67DA6AB6-F800-4c08-8B7A-83BB121AAD01}</UniqueIdentifier>
      <Extensions>rc;ico;cur;bmp;dlg;rc2;rct;bin;rgs;gif;jpg;jpeg;jpe;resx;tiff;tif;png;wav;mfcribbon-ms</Extensions>
    </Filter>
    <Filter Include="Generated">
      <UniqueIdentifier>{eca90321-0c37-4d8d-b925-5d7baaa99637}</UniqueIdentifier>
    </Filter>
    <Filter Include="Generated\MCCP">
      <UniqueIdentifier>{3619fa11-7e9c-4433-ac66-b6816d7335ec}</UniqueIdentifier>
    </Filter>
    <Filter Include="Generated\Support">
      <UniqueIdentifier>{438f79b3-3b13-43b2-8143-a1530a100e8b}</UniqueIdentifier>
    </Filter>
  </ItemGroup>
  <ItemGroup>
    <ClInclude Include="MCPP\BarProxy.h">
      <Filter>Generated\MCCP</Filter>
    </ClInclude>
    <ClInclude Include="MCPP\BarSkeleton.h">
      <Filter>Generated\MCCP</Filter>
    </ClInclude>
    <ClInclude Include="MCPP\FooProxy.h">
      <Filter>Generated\MCCP</Filter>
    </ClInclude>
    <ClInclude Include="MCPP\FooSkeleton.h">
      <Filter>Generated\MCCP</Filter>
    </ClInclude>
    <ClInclude Include="MCPP\IBar.h">
      <Filter>Generated\MCCP</Filter>
    </ClInclude>
    <ClInclude Include="MCPP\IFoo.h">
      <Filter>Generated\MCCP</Filter>
    </ClInclude>
    <ClInclude Include="MCPP\IPWM.h">
      <Filter>Generated\MCCP</Filter>
    </ClInclude>
    <ClInclude Include="MCPP\IPWMEvents.h">
      <Filter>Generated\MCCP</Filter>
    </ClInclude>
    <ClInclude Include="MCPP\KeyId.h">
      <Filter>Generated\MCCP</Filter>
    </ClInclude>
    <ClInclude Include="MCPP\PWMEventsProxy.h">
      <Filter>Generated\MCCP</Filter>
    </ClInclude>
    <ClInclude Include="MCPP\PWMEventsSkeleton.h">
      <Filter>Generated\MCCP</Filter>
    </ClInclude>
    <ClInclude Include="MCPP\PWMProxy.h">
      <Filter>Generated\MCCP</Filter>
    </ClInclude>
    <ClInclude Include="MCPP\PWMSkeleton.h">
      <Filter>Generated\MCCP</Filter>
    </ClInclude>
    <ClInclude Include="..\InterfaceCodeGen\Resources\MCPP\PacketCommunication.h">
      <Filter>Generated\Support</Filter>
    </ClInclude>
    <ClInclude Include="..\InterfaceCodeGen\Resources\MCPP\PacketCommunicationSLIP.h">
      <Filter>Generated\Support</Filter>
    </ClInclude>
    <ClInclude Include="MCPP\RCArray.h">
      <Filter>Generated\MCCP</Filter>
    </ClInclude>
    <ClInclude Include="MCPP\Keys.h">
      <Filter>Generated\MCCP</Filter>
    </ClInclude>
    <ClInclude Include="resource.h">
      <Filter>Header Files</Filter>
    </ClInclude>
    <ClInclude Include="..\InterfaceCodeGen\Resources\MCPP\PCString.h">
      <Filter>Generated\Support</Filter>
    </ClInclude>
    <ClInclude Include="..\InterfaceCodeGen\Resources\CRC.h">
      <Filter>Generated</Filter>
    </ClInclude>
    <ClInclude Include="MCPP\Scope.h">
      <Filter>Generated\MCCP</Filter>
    </ClInclude>
    <ClInclude Include="..\InterfaceCodeGen\Resources\MCPP\PacketCommunicationReport.h">
      <Filter>Generated\Support</Filter>
    </ClInclude>
  </ItemGroup>
  <ItemGroup>
    <ClCompile Include="AssemblyInfo.cpp">
      <Filter>Source Files</Filter>
    </ClCompile>
    <ClCompile Include="MCPP\BarProxy.cpp">
      <Filter>Generated\MCCP</Filter>
    </ClCompile>
    <ClCompile Include="MCPP\BarSkeleton.cpp">
      <Filter>Generated\MCCP</Filter>
    </ClCompile>
    <ClCompile Include="MCPP\FooProxy.cpp">
      <Filter>Generated\MCCP</Filter>
    </ClCompile>
    <ClCompile Include="MCPP\FooSkeleton.cpp">
      <Filter>Generated\MCCP</Filter>
    </ClCompile>
    <ClCompile Include="MCPP\KeyId.cpp">
      <Filter>Generated\MCCP</Filter>
    </ClCompile>
    <ClCompile Include="MCPP\PWMEventsProxy.cpp">
      <Filter>Generated\MCCP</Filter>
    </ClCompile>
    <ClCompile Include="MCPP\PWMEventsSkeleton.cpp">
      <Filter>Generated\MCCP</Filter>
    </ClCompile>
    <ClCompile Include="MCPP\PWMProxy.cpp">
      <Filter>Generated\MCCP</Filter>
    </ClCompile>
    <ClCompile Include="MCPP\PWMSkeleton.cpp">
      <Filter>Generated\MCCP</Filter>
    </ClCompile>
    <ClCompile Include="..\InterfaceCodeGen\Resources\MCPP\PacketCommunication.cpp">
      <Filter>Generated\Support</Filter>
    </ClCompile>
    <ClCompile Include="..\InterfaceCodeGen\Resources\MCPP\PacketCommunicationSLIP.cpp">
      <Filter>Generated\Support</Filter>
    </ClCompile>
    <ClCompile Include="MCPP\RCArray.cpp">
      <Filter>Generated\MCCP</Filter>
    </ClCompile>
    <ClCompile Include="MCPP\Keys.cpp">
      <Filter>Generated\MCCP</Filter>
    </ClCompile>
    <ClCompile Include="..\InterfaceCodeGen\Resources\MCPP\PCString.cpp">
      <Filter>Generated\Support</Filter>
    </ClCompile>
    <ClCompile Include="..\InterfaceCodeGen\Resources\CRC.c">
      <Filter>Generated</Filter>
    </ClCompile>
    <ClCompile Include="..\InterfaceCodeGen\Resources\MCPP\PacketCommunicationReport.cpp">
      <Filter>Generated\Support</Filter>
    </ClCompile>
  </ItemGroup>
  <ItemGroup>
    <None Include="app.ico">
      <Filter>Resource Files</Filter>
    </None>
    <None Include="interface.int" />
  </ItemGroup>
  <ItemGroup>
    <ResourceCompile Include="app.rc">
      <Filter>Resource Files</Filter>
    </ResourceCompile>
  </ItemGroup>
</Project>