<?xml version="1.0" encoding="utf-8"?>
<Project ToolsVersion="4.0" xmlns="http://schemas.microsoft.com/developer/msbuild/2003">
  <ItemGroup>
    <Filter Include="public">
      <UniqueIdentifier>{93995380-89BD-4b04-88EB-625FBE52EBFB}</UniqueIdentifier>
      <Extensions>h;hh;hpp;hxx;hm;inl;inc;xsd</Extensions>
    </Filter>
    <Filter Include="private">
      <UniqueIdentifier>{4FC737F1-C7A5-4376-A066-2A32D752A2FF}</UniqueIdentifier>
      <Extensions>cpp;c;cc;cxx;def;odl;idl;hpj;bat;asm;asmx</Extensions>
    </Filter>
  </ItemGroup>
  <ItemGroup>
    <ClCompile Include="private\OutputStream.cpp">
      <Filter>private</Filter>
    </ClCompile>
    <ClCompile Include="private\ByteOutputStream.cpp">
      <Filter>private</Filter>
    </ClCompile>
    <ClCompile Include="private\StringOutputStream.cpp">
      <Filter>private</Filter>
    </ClCompile>
    <ClCompile Include="private\StringInputStream.cpp">
      <Filter>private</Filter>
    </ClCompile>
    <ClCompile Include="private\StdStringOutputStream.cpp">
      <Filter>private</Filter>
    </ClCompile>
    <ClCompile Include="private\StdStringInputStream.cpp">
      <Filter>private</Filter>
    </ClCompile>
    <ClCompile Include="private\InputStream.cpp">
      <Filter>private</Filter>
    </ClCompile>
    <ClCompile Include="private\ByteInputStream.cpp">
      <Filter>private</Filter>
    </ClCompile>
  </ItemGroup>
  <ItemGroup>
    <ClInclude Include="public\ByteOutputStream.hpp">
      <Filter>public</Filter>
    </ClInclude>
    <ClInclude Include="public\OutputStream.hpp">
      <Filter>public</Filter>
    </ClInclude>
    <ClInclude Include="public\StdStringInputStream.hpp">
      <Filter>public</Filter>
    </ClInclude>
    <ClInclude Include="public\StdStringOutputStream.hpp">
      <Filter>public</Filter>
    </ClInclude>
    <ClInclude Include="public\StreamManipulators.hpp">
      <Filter>public</Filter>
    </ClInclude>
    <ClInclude Include="public\StringInputStream.hpp">
      <Filter>public</Filter>
    </ClInclude>
    <ClInclude Include="public\StringOutputStream.hpp">
      <Filter>public</Filter>
    </ClInclude>
    <ClInclude Include="public\InputStreamHelpers.hpp">
      <Filter>public</Filter>
    </ClInclude>
    <ClInclude Include="public\InputStreamOld.hpp">
      <Filter>public</Filter>
    </ClInclude>
    <ClInclude Include="public\InputStream.hpp">
      <Filter>public</Filter>
    </ClInclude>
    <ClInclude Include="public\ByteInputStreamOld.hpp">
      <Filter>public</Filter>
    </ClInclude>
    <ClInclude Include="public\ByteInputStream.hpp">
      <Filter>public</Filter>
    </ClInclude>
  </ItemGroup>
</Project>