<?xml version="1.0" encoding="utf-8"?>
<Project ToolsVersion="4.0" xmlns="http://schemas.microsoft.com/developer/msbuild/2003">
  <ItemGroup>
    <Filter Include="private">
      <UniqueIdentifier>{f98a1b50-8300-4e7e-8e55-1dd0293beb7c}</UniqueIdentifier>
    </Filter>
    <Filter Include="public">
      <UniqueIdentifier>{653d3ccd-9759-4dac-abe5-961bed48961a}</UniqueIdentifier>
    </Filter>
  </ItemGroup>
  <ItemGroup>
    <ClCompile Include="test_doubles\private\FileSystemStub.cpp">
      <Filter>private</Filter>
    </ClCompile>
    <ClCompile Include="test_doubles\private\FlashMock.cpp">
      <Filter>private</Filter>
    </ClCompile>
    <ClCompile Include="test_doubles\private\FlashStub.cpp">
      <Filter>private</Filter>
    </ClCompile>
    <ClCompile Include="test_doubles\private\GpioStub.cpp">
      <Filter>private</Filter>
    </ClCompile>
    <ClCompile Include="test_doubles\private\I2cMock.cpp">
      <Filter>private</Filter>
    </ClCompile>
    <ClCompile Include="test_doubles\private\I2cRegisterAccessMock.cpp">
      <Filter>private</Filter>
    </ClCompile>
    <ClCompile Include="test_doubles\private\QuadSpiStub.cpp">
      <Filter>private</Filter>
    </ClCompile>
    <ClCompile Include="test_doubles\private\SerialCommunicationStub.cpp">
      <Filter>private</Filter>
    </ClCompile>
    <ClCompile Include="test_doubles\private\SpiMock.cpp">
      <Filter>private</Filter>
    </ClCompile>
  </ItemGroup>
  <ItemGroup>
    <ClInclude Include="test_doubles\public\FileSystemStub.hpp">
      <Filter>public</Filter>
    </ClInclude>
    <ClInclude Include="test_doubles\public\FlashMock.hpp">
      <Filter>public</Filter>
    </ClInclude>
    <ClInclude Include="test_doubles\public\FlashStub.hpp">
      <Filter>public</Filter>
    </ClInclude>
    <ClInclude Include="test_doubles\public\GpioStub.hpp">
      <Filter>public</Filter>
    </ClInclude>
    <ClInclude Include="test_doubles\public\I2cMock.hpp">
      <Filter>public</Filter>
    </ClInclude>
    <ClInclude Include="test_doubles\public\I2cRegisterAccessMock.hpp">
      <Filter>public</Filter>
    </ClInclude>
    <ClInclude Include="test_doubles\public\QuadSpiStub.hpp">
      <Filter>public</Filter>
    </ClInclude>
    <ClInclude Include="test_doubles\public\SerialCommunicationStub.hpp">
      <Filter>public</Filter>
    </ClInclude>
    <ClInclude Include="test_doubles\public\SpiMock.hpp">
      <Filter>public</Filter>
    </ClInclude>
  </ItemGroup>
</Project>