<?xml version="1.0" encoding="utf-8"?>
<Project ToolsVersion="4.0" xmlns="http://schemas.microsoft.com/developer/msbuild/2003">
  <ItemGroup>
    <Filter Include="public">
      <UniqueIdentifier>{cf03d312-34d8-4ff6-8de8-53ed69e0516f}</UniqueIdentifier>
    </Filter>
    <Filter Include="private">
      <UniqueIdentifier>{8692fcb7-764f-4016-9cef-4b5159a5cf2d}</UniqueIdentifier>
    </Filter>
  </ItemGroup>
  <ItemGroup>
    <ClInclude Include="public\Flash.hpp">
      <Filter>public</Filter>
    </ClInclude>
    <ClInclude Include="public\FileSystem.hpp">
      <Filter>public</Filter>
    </ClInclude>
    <ClInclude Include="public\FlashHomogeneous.hpp">
      <Filter>public</Filter>
    </ClInclude>
    <ClInclude Include="public\Gpio.hpp">
      <Filter>public</Filter>
    </ClInclude>
    <ClInclude Include="public\I2c.hpp">
      <Filter>public</Filter>
    </ClInclude>
    <ClInclude Include="public\I2cRegisterAccess.hpp">
      <Filter>public</Filter>
    </ClInclude>
    <ClInclude Include="public\QuadSpi.hpp">
      <Filter>public</Filter>
    </ClInclude>
    <ClInclude Include="public\SerialCommunication.hpp">
      <Filter>public</Filter>
    </ClInclude>
    <ClInclude Include="public\Spi.hpp">
      <Filter>public</Filter>
    </ClInclude>
  </ItemGroup>
  <ItemGroup>
    <ClCompile Include="private\Flash.cpp">
      <Filter>private</Filter>
    </ClCompile>
    <ClCompile Include="private\FlashHomogeneous.cpp">
      <Filter>private</Filter>
    </ClCompile>
    <ClCompile Include="private\Gpio.cpp">
      <Filter>private</Filter>
    </ClCompile>
    <ClCompile Include="private\I2cRegisterAccess.cpp">
      <Filter>private</Filter>
    </ClCompile>
    <ClCompile Include="private\QuadSpi.cpp">
      <Filter>private</Filter>
    </ClCompile>
    <ClCompile Include="private\Spi.cpp">
      <Filter>private</Filter>
    </ClCompile>
  </ItemGroup>
</Project>