<?xml version="1.0" encoding="utf-8"?>
<Project ToolsVersion="4.0" xmlns="http://schemas.microsoft.com/developer/msbuild/2003">
  <ItemGroup>
    <Filter Include="test">
      <UniqueIdentifier>{4FC737F1-C7A5-4376-A066-2A32D752A2FF}</UniqueIdentifier>
      <Extensions>cpp;c;cc;cxx;def;odl;idl;hpj;bat;asm;asmx</Extensions>
    </Filter>
  </ItemGroup>
  <ItemGroup>
    <ClCompile Include="test\TestAutoResetFunction.cpp">
      <Filter>test</Filter>
    </ClCompile>
    <ClCompile Include="test\TestBoundedDeque.cpp">
      <Filter>test</Filter>
    </ClCompile>
    <ClCompile Include="test\TestBoundedPriorityQueue.cpp">
      <Filter>test</Filter>
    </ClCompile>
    <ClCompile Include="test\TestBoundedString.cpp">
      <Filter>test</Filter>
    </ClCompile>
    <ClCompile Include="test\TestBoundedVector.cpp">
      <Filter>test</Filter>
    </ClCompile>
    <ClCompile Include="test\TestFixedPoint.cpp">
      <Filter>test</Filter>
    </ClCompile>
    <ClCompile Include="test\TestFunction.cpp">
      <Filter>test</Filter>
    </ClCompile>
    <ClCompile Include="test\TestInterfaceConnector.cpp">
      <Filter>test</Filter>
    </ClCompile>
    <ClCompile Include="test\TestIntrusiveBinarySearchTree.cpp">
      <Filter>test</Filter>
    </ClCompile>
    <ClCompile Include="test\TestIntrusiveForwardList.cpp">
      <Filter>test</Filter>
    </ClCompile>
    <ClCompile Include="test\TestIntrusiveList.cpp">
      <Filter>test</Filter>
    </ClCompile>
    <ClCompile Include="test\TestIntrusivePriorityQueue.cpp">
      <Filter>test</Filter>
    </ClCompile>
    <ClCompile Include="test\TestIntrusiveSet.cpp">
      <Filter>test</Filter>
    </ClCompile>
    <ClCompile Include="test\TestMemoryRange.cpp">
      <Filter>test</Filter>
    </ClCompile>
    <ClCompile Include="test\TestOptional.cpp">
      <Filter>test</Filter>
    </ClCompile>
    <ClCompile Include="test\TestReferenceCountedSingleton.cpp">
      <Filter>test</Filter>
    </ClCompile>
    <ClCompile Include="test\TestStaticStorage.cpp">
      <Filter>test</Filter>
    </ClCompile>
    <ClCompile Include="test\TestUnit.cpp">
      <Filter>test</Filter>
    </ClCompile>
    <ClCompile Include="test\TestVariant.cpp">
      <Filter>test</Filter>
    </ClCompile>
    <ClCompile Include="test\Main.cpp">
      <Filter>test</Filter>
    </ClCompile>
    <ClCompile Include="test\TestSignalSlot.cpp">
      <Filter>test</Filter>
    </ClCompile>
    <ClCompile Include="test\TestCompareMembers.cpp">
      <Filter>test</Filter>
    </ClCompile>
    <ClCompile Include="test\TestCyclicBuffer.cpp">
      <Filter>test</Filter>
    </ClCompile>
    <ClCompile Include="test\TestObserver.cpp">
      <Filter>test</Filter>
    </ClCompile>
    <ClCompile Include="test\TestPolymorphicVariant.cpp">
      <Filter>test</Filter>
    </ClCompile>
    <ClCompile Include="test\TestProxyCreator.cpp">
      <Filter>test</Filter>
    </ClCompile>
    <ClCompile Include="test\TestSequencer.cpp">
      <Filter>test</Filter>
    </ClCompile>
  </ItemGroup>
</Project>