<?xml version="1.0" encoding="utf-8"?>
<Project ToolsVersion="4.0" xmlns="http://schemas.microsoft.com/developer/msbuild/2003">
  <ItemGroup>
    <Filter Include="private">
      <UniqueIdentifier>{0c4dc59b-21a0-4ba7-88d6-04fa62ee3b5a}</UniqueIdentifier>
    </Filter>
    <Filter Include="public">
      <UniqueIdentifier>{9d33a73d-d53e-4b2e-9808-d82baa7cdea4}</UniqueIdentifier>
    </Filter>
  </ItemGroup>
  <ItemGroup>
    <ClCompile Include="private\Sequencer.cpp">
      <Filter>private</Filter>
    </ClCompile>
  </ItemGroup>
  <ItemGroup>
    <ClInclude Include="public\Sequencer.hpp">
      <Filter>public</Filter>
    </ClInclude>
    <ClInclude Include="public\SequencerIdiom.hpp">
      <Filter>public</Filter>
    </ClInclude>
  </ItemGroup>
</Project>