<?xml version="1.0" encoding="utf-8"?>
<Project ToolsVersion="4.0" xmlns="http://schemas.microsoft.com/developer/msbuild/2003">
  <ItemGroup>
    <Filter Include="private">
      <UniqueIdentifier>{b1cf81af-2f14-4fc6-935c-b4d7bc35861c}</UniqueIdentifier>
    </Filter>
    <Filter Include="public">
      <UniqueIdentifier>{97594828-ca47-478c-99ca-cff505c8a52a}</UniqueIdentifier>
    </Filter>
  </ItemGroup>
  <ItemGroup>
    <ClInclude Include="public\CyclicFlashStorage.hpp">
      <Filter>public</Filter>
    </ClInclude>
  </ItemGroup>
  <ItemGroup>
    <ClCompile Include="private\CyclicFlashStorage.cpp">
      <Filter>private</Filter>
    </ClCompile>
  </ItemGroup>
</Project>