<?xml version="1.0" encoding="utf-8"?>
<Project ToolsVersion="4.0" xmlns="http://schemas.microsoft.com/developer/msbuild/2003">
  <ItemGroup>
    <Filter Include="Generated">
      <UniqueIdentifier>{1936446a-b82a-470e-801c-3ff5d073d73e}</UniqueIdentifier>
    </Filter>
    <Filter Include="Resources">
      <UniqueIdentifier>{7983ccd7-b0fd-4f64-aaf1-e8e5ae85b197}</UniqueIdentifier>
    </Filter>
    <Filter Include="Resources\CPP">
      <UniqueIdentifier>{f2905952-f78d-40e3-9913-baa5fbe7e6a4}</UniqueIdentifier>
    </Filter>
    <Filter Include="Generated\CPP">
      <UniqueIdentifier>{2bd74428-e7b3-40d5-9ee1-89601de0dc50}</UniqueIdentifier>
    </Filter>
  </ItemGroup>
  <ItemGroup>
    <ClInclude Include="embedded_rpc_cpp_test\Array.hpp" />
    <ClInclude Include="embedded_rpc_cpp_test\CommCallbackMock.h" />
    <ClInclude Include="embedded_rpc_cpp_test\PWMSupport.hpp" />
    <ClInclude Include="embedded_rpc_resources\CRC.h">
      <Filter>Resources</Filter>
    </ClInclude>
    <ClInclude Include="embedded_rpc_resources\PacketCommunicationConfig.h">
      <Filter>Resources</Filter>
    </ClInclude>
    <ClInclude Include="embedded_rpc_resources\PacketCommunicationDefines.h">
      <Filter>Resources</Filter>
    </ClInclude>
    <ClInclude Include="embedded_rpc_resources\CPP\PacketCommunication.hpp">
      <Filter>Resources\CPP</Filter>
    </ClInclude>
    <ClInclude Include="embedded_rpc_resources\CPP\PacketCommunicationBufferedReceive.hpp">
      <Filter>Resources\CPP</Filter>
    </ClInclude>
    <ClInclude Include="embedded_rpc_resources\CPP\PacketCommunicationReport.hpp">
      <Filter>Resources\CPP</Filter>
    </ClInclude>
    <ClInclude Include="embedded_rpc_resources\CPP\PacketCommunicationReportBuffered.hpp">
      <Filter>Resources\CPP</Filter>
    </ClInclude>
    <ClInclude Include="embedded_rpc_resources\CPP\PacketCommunicationSLIP.hpp">
      <Filter>Resources\CPP</Filter>
    </ClInclude>
    <ClInclude Include="embedded_rpc_resources\CPP\PacketCommunicationSLIPBuffered.hpp">
      <Filter>Resources\CPP</Filter>
    </ClInclude>
    <ClInclude Include="embedded_rpc_resources\CPP\PacketReantrant.hpp">
      <Filter>Resources\CPP</Filter>
    </ClInclude>
    <ClInclude Include="embedded_rpc_resources\CPP\PCString.hpp">
      <Filter>Resources\CPP</Filter>
    </ClInclude>
    <ClInclude Include="embedded_rpc_cpp_test\LocalPacketCommunication.hpp" />
    <ClInclude Include="embedded_rpc_cpp_test\LocalPacketCommunicationMT.hpp" />
    <ClInclude Include="embedded_rpc_cpp_test\Generated\CPP\BarProxy.hpp">
      <Filter>Generated\CPP</Filter>
    </ClInclude>
    <ClInclude Include="embedded_rpc_cpp_test\Generated\CPP\BarSkeleton.hpp">
      <Filter>Generated\CPP</Filter>
    </ClInclude>
    <ClInclude Include="embedded_rpc_cpp_test\Generated\CPP\FooProxy.hpp">
      <Filter>Generated\CPP</Filter>
    </ClInclude>
    <ClInclude Include="embedded_rpc_cpp_test\Generated\CPP\FooSkeleton.hpp">
      <Filter>Generated\CPP</Filter>
    </ClInclude>
    <ClInclude Include="embedded_rpc_cpp_test\Generated\CPP\IBar.hpp">
      <Filter>Generated\CPP</Filter>
    </ClInclude>
    <ClInclude Include="embedded_rpc_cpp_test\Generated\CPP\IFoo.hpp">
      <Filter>Generated\CPP</Filter>
    </ClInclude>
    <ClInclude Include="embedded_rpc_cpp_test\Generated\CPP\IPWM.hpp">
      <Filter>Generated\CPP</Filter>
    </ClInclude>
    <ClInclude Include="embedded_rpc_cpp_test\Generated\CPP\IPWMEvents.hpp">
      <Filter>Generated\CPP</Filter>
    </ClInclude>
    <ClInclude Include="embedded_rpc_cpp_test\Generated\CPP\ITest.hpp">
      <Filter>Generated\CPP</Filter>
    </ClInclude>
    <ClInclude Include="embedded_rpc_cpp_test\Generated\CPP\KeyId.hpp">
      <Filter>Generated\CPP</Filter>
    </ClInclude>
    <ClInclude Include="embedded_rpc_cpp_test\Generated\CPP\PWMEventsProxy.hpp">
      <Filter>Generated\CPP</Filter>
    </ClInclude>
    <ClInclude Include="embedded_rpc_cpp_test\Generated\CPP\PWMEventsSkeleton.hpp">
      <Filter>Generated\CPP</Filter>
    </ClInclude>
    <ClInclude Include="embedded_rpc_cpp_test\Generated\CPP\PWMProxy.hpp">
      <Filter>Generated\CPP</Filter>
    </ClInclude>
    <ClInclude Include="embedded_rpc_cpp_test\Generated\CPP\PWMSkeleton.hpp">
      <Filter>Generated\CPP</Filter>
    </ClInclude>
    <ClInclude Include="embedded_rpc_cpp_test\Generated\CPP\Scope.hpp">
      <Filter>Generated\CPP</Filter>
    </ClInclude>
    <ClInclude Include="embedded_rpc_cpp_test\Generated\CPP\TestProxy.hpp">
      <Filter>Generated\CPP</Filter>
    </ClInclude>
    <ClInclude Include="embedded_rpc_cpp_test\Generated\CPP\TestSkeleton.hpp">
      <Filter>Generated\CPP</Filter>
    </ClInclude>
    <ClInclude Include="embedded_rpc_resources\CPP\PacketCommunicationBin.hpp">
      <Filter>Resources\CPP</Filter>
    </ClInclude>
    <ClInclude Include="embedded_rpc_cpp_test\BarImpl.hpp" />
    <ClInclude Include="embedded_rpc_cpp_test\FooImpl.hpp" />
    <ClInclude Include="embedded_rpc_cpp_test\TestImpl.hpp" />
    <ClInclude Include="embedded_rpc_cpp_test\LocalPacketCommunicationAscii.hpp" />
    <ClInclude Include="embedded_rpc_resources\CPP\PacketCommunicationAscii.hpp">
      <Filter>Resources\CPP</Filter>
    </ClInclude>
    <ClInclude Include="embedded_rpc_cpp_test\Generated\CPP\PacketCommunicationLut.hpp">
      <Filter>Generated\CPP</Filter>
    </ClInclude>
  </ItemGroup>
  <ItemGroup>
    <None Include="embedded_rpc_cpp_test\interface.int" />
    <None Include="embedded_rpc_cpp_test\interfacePwm.int" />
  </ItemGroup>
  <ItemGroup>
    <ClCompile Include="embedded_rpc_cpp_test\Main.cpp" />
    <ClCompile Include="embedded_rpc_cpp_test\TestCommunication.cpp" />
    <ClCompile Include="embedded_rpc_cpp_test\TestCommunicationCPP.cpp" />
    <ClCompile Include="embedded_rpc_cpp_test\TestCRC.cpp" />
    <ClCompile Include="embedded_rpc_cpp_test\TestCyclicBuffer.cpp" />
    <ClCompile Include="embedded_rpc_cpp_test\TestPacketCommunicationBufferedReceive.cpp" />
    <ClCompile Include="embedded_rpc_cpp_test\TestPacketCommunicationReportBuffered.cpp" />
    <ClCompile Include="embedded_rpc_cpp_test\TestPacketCommunicationSLIPBuffered.cpp" />
    <ClCompile Include="embedded_rpc_resources\CRC.c">
      <Filter>Resources</Filter>
    </ClCompile>
    <ClCompile Include="embedded_rpc_resources\CPP\PacketCommunication.cpp">
      <Filter>Resources\CPP</Filter>
    </ClCompile>
    <ClCompile Include="embedded_rpc_resources\CPP\PacketCommunicationBufferedReceive.cpp">
      <Filter>Resources\CPP</Filter>
    </ClCompile>
    <ClCompile Include="embedded_rpc_resources\CPP\PacketCommunicationReport.cpp">
      <Filter>Resources\CPP</Filter>
    </ClCompile>
    <ClCompile Include="embedded_rpc_resources\CPP\PacketCommunicationReportBuffered.cpp">
      <Filter>Resources\CPP</Filter>
    </ClCompile>
    <ClCompile Include="embedded_rpc_resources\CPP\PacketCommunicationSLIP.cpp">
      <Filter>Resources\CPP</Filter>
    </ClCompile>
    <ClCompile Include="embedded_rpc_resources\CPP\PacketCommunicationSLIPBuffered.cpp">
      <Filter>Resources\CPP</Filter>
    </ClCompile>
    <ClCompile Include="embedded_rpc_resources\CPP\PCString.cpp">
      <Filter>Resources\CPP</Filter>
    </ClCompile>
    <ClCompile Include="embedded_rpc_cpp_test\Generated\CPP\BarProxy.cpp">
      <Filter>Generated\CPP</Filter>
    </ClCompile>
    <ClCompile Include="embedded_rpc_cpp_test\Generated\CPP\BarSkeleton.cpp">
      <Filter>Generated\CPP</Filter>
    </ClCompile>
    <ClCompile Include="embedded_rpc_cpp_test\Generated\CPP\FooProxy.cpp">
      <Filter>Generated\CPP</Filter>
    </ClCompile>
    <ClCompile Include="embedded_rpc_cpp_test\Generated\CPP\FooSkeleton.cpp">
      <Filter>Generated\CPP</Filter>
    </ClCompile>
    <ClCompile Include="embedded_rpc_cpp_test\Generated\CPP\KeyId.cpp">
      <Filter>Generated\CPP</Filter>
    </ClCompile>
    <ClCompile Include="embedded_rpc_cpp_test\Generated\CPP\PWMEventsProxy.cpp">
      <Filter>Generated\CPP</Filter>
    </ClCompile>
    <ClCompile Include="embedded_rpc_cpp_test\Generated\CPP\PWMEventsSkeleton.cpp">
      <Filter>Generated\CPP</Filter>
    </ClCompile>
    <ClCompile Include="embedded_rpc_cpp_test\Generated\CPP\PWMProxy.cpp">
      <Filter>Generated\CPP</Filter>
    </ClCompile>
    <ClCompile Include="embedded_rpc_cpp_test\Generated\CPP\PWMSkeleton.cpp">
      <Filter>Generated\CPP</Filter>
    </ClCompile>
    <ClCompile Include="embedded_rpc_cpp_test\Generated\CPP\TestProxy.cpp">
      <Filter>Generated\CPP</Filter>
    </ClCompile>
    <ClCompile Include="embedded_rpc_cpp_test\Generated\CPP\TestSkeleton.cpp">
      <Filter>Generated\CPP</Filter>
    </ClCompile>
    <ClCompile Include="embedded_rpc_resources\CPP\PacketCommunicationBin.cpp">
      <Filter>Resources\CPP</Filter>
    </ClCompile>
    <ClCompile Include="embedded_rpc_cpp_test\TestCommunicationCPPAscii.cpp" />
    <ClCompile Include="embedded_rpc_resources\CPP\PacketCommunicationAscii.cpp">
      <Filter>Resources\CPP</Filter>
    </ClCompile>
  </ItemGroup>
</Project>