<?xml version="1.0" encoding="utf-8"?>
<Project ToolsVersion="4.0" xmlns="http://schemas.microsoft.com/developer/msbuild/2003">
  <ItemGroup>
    <ClCompile Include="..\InterfaceCodeGen\Resources\CRC.c" />
    <ClCompile Include="Array.c" />
    <ClCompile Include="BarProxyRename.c" />
    <ClCompile Include="Foo.c" />
    <ClCompile Include="FooEventsSkeletonRename.c" />
    <ClCompile Include="FooProxyRename.c" />
    <ClCompile Include="Main.cpp" />
    <ClCompile Include="TestCommunicationC.cpp" />
    <ClCompile Include="C\BarSkeleton.c">
      <Filter>Generated</Filter>
    </ClCompile>
    <ClCompile Include="C\FooEventsProxy.c">
      <Filter>Generated</Filter>
    </ClCompile>
    <ClCompile Include="C\FooEventsSkeleton.c">
      <Filter>Generated</Filter>
    </ClCompile>
    <ClCompile Include="C\FooProxy.c">
      <Filter>Generated</Filter>
    </ClCompile>
    <ClCompile Include="C\FooSkeleton.c">
      <Filter>Generated</Filter>
    </ClCompile>
    <ClCompile Include="C\KeyId.c">
      <Filter>Generated</Filter>
    </ClCompile>
    <ClCompile Include="C\BarProxy.c">
      <Filter>Generated</Filter>
    </ClCompile>
    <ClCompile Include="Bar.c" />
    <ClCompile Include="..\InterfaceCodeGen\Resources\C\PCString.c" />
    <ClCompile Include="..\InterfaceCodeGen\Resources\C\PacketCommunication.c" />
    <ClCompile Include="..\InterfaceCodeGen\Resources\C\PacketCommunicationSLIP.c" />
    <ClCompile Include="Serial.c" />
    <ClCompile Include="Serial2.c" />
    <ClCompile Include="..\InterfaceCodeGen\Resources\C\PacketCommunicationReport.c" />
    <ClCompile Include="Report.c" />
  </ItemGroup>
  <ItemGroup>
    <ClInclude Include="..\InterfaceCodeGen\Resources\CRC.h" />
    <ClInclude Include="Array.h" />
    <ClInclude Include="BarProxyRename.h" />
    <ClInclude Include="FooEventsSkeletonRename.h" />
    <ClInclude Include="FooProxyRename.h" />
    <ClInclude Include="C\Bar.h">
      <Filter>Generated</Filter>
    </ClInclude>
    <ClInclude Include="C\BarSkeleton.h">
      <Filter>Generated</Filter>
    </ClInclude>
    <ClInclude Include="C\Foo.h">
      <Filter>Generated</Filter>
    </ClInclude>
    <ClInclude Include="C\FooEvents.h">
      <Filter>Generated</Filter>
    </ClInclude>
    <ClInclude Include="C\FooEventsSkeleton.h">
      <Filter>Generated</Filter>
    </ClInclude>
    <ClInclude Include="C\FooSkeleton.h">
      <Filter>Generated</Filter>
    </ClInclude>
    <ClInclude Include="C\KeyId.h">
      <Filter>Generated</Filter>
    </ClInclude>
    <ClInclude Include="C\Scope.h">
      <Filter>Generated</Filter>
    </ClInclude>
    <ClInclude Include="..\InterfaceCodeGen\Resources\C\PCString.h" />
    <ClInclude Include="..\InterfaceCodeGen\Resources\C\PacketCommunication.h" />
    <ClInclude Include="..\InterfaceCodeGen\Resources\C\PacketCommunicationSLIP.h" />
    <ClInclude Include="Serial.h" />
    <ClInclude Include="Serial2.h" />
    <ClInclude Include="..\InterfaceCodeGen\Resources\C\PacketCommunicationReport.h" />
    <ClInclude Include="Report.h" />
  </ItemGroup>
  <ItemGroup>
    <None Include="interface.int" />
  </ItemGroup>
  <ItemGroup>
    <Filter Include="Generated">
      <UniqueIdentifier>{497279ee-ce48-4a86-9ba7-80cbfad15472}</UniqueIdentifier>
    </Filter>
  </ItemGroup>
</Project>